// !$*UTF8*$!
{
	archiveVersion = 1;
	classes = {
	};
	objectVersion = 51;
	objects = {

/* Begin PBXBuildFile section */
		02028E162526955600D9368E /* CircleImage.swift in Sources */ = {isa = PBXBuildFile; fileRef = 02028E152526955600D9368E /* CircleImage.swift */; };
		0218870B24F4486900F95C20 /* DataLoaderWAQI.swift in Sources */ = {isa = PBXBuildFile; fileRef = 0218870A24F4486900F95C20 /* DataLoaderWAQI.swift */; };
		0218A778256DBBD500B2D684 /* WidgetKit.framework in Frameworks */ = {isa = PBXBuildFile; fileRef = 0218A777256DBBD500B2D684 /* WidgetKit.framework */; };
		0218A77A256DBBD500B2D684 /* SwiftUI.framework in Frameworks */ = {isa = PBXBuildFile; fileRef = 0218A779256DBBD500B2D684 /* SwiftUI.framework */; };
		0218A77D256DBBD500B2D684 /* Miasma_Widget.swift in Sources */ = {isa = PBXBuildFile; fileRef = 0218A77C256DBBD500B2D684 /* Miasma_Widget.swift */; };
		0218A77F256DBBD700B2D684 /* Assets.xcassets in Resources */ = {isa = PBXBuildFile; fileRef = 0218A77E256DBBD700B2D684 /* Assets.xcassets */; };
		022934C9252CDF8600CD4FFB /* DataLoaderPurpleAir.swift in Sources */ = {isa = PBXBuildFile; fileRef = 022934C8252CDF8600CD4FFB /* DataLoaderPurpleAir.swift */; };
		022DBE23259B2875007DEB37 /* DataLoaderTelraam.swift in Sources */ = {isa = PBXBuildFile; fileRef = 022DBE22259B2875007DEB37 /* DataLoaderTelraam.swift */; };
		023BBDEE25251AC3006E8054 /* Miasma_iOSApp.swift in Sources */ = {isa = PBXBuildFile; fileRef = 023BBDED25251AC3006E8054 /* Miasma_iOSApp.swift */; };
		023BBDF025251AC3006E8054 /* ContentView.swift in Sources */ = {isa = PBXBuildFile; fileRef = 023BBDEF25251AC3006E8054 /* ContentView.swift */; };
		023BBDF225251AC5006E8054 /* Assets.xcassets in Resources */ = {isa = PBXBuildFile; fileRef = 023BBDF125251AC5006E8054 /* Assets.xcassets */; };
		023BBDF525251AC5006E8054 /* Preview Assets.xcassets in Resources */ = {isa = PBXBuildFile; fileRef = 023BBDF425251AC5006E8054 /* Preview Assets.xcassets */; };
		0269848225251DB7002BFB88 /* APIKeys.swift in Sources */ = {isa = PBXBuildFile; fileRef = 0269848125251DB7002BFB88 /* APIKeys.swift */; };
		0269848725251DD5002BFB88 /* DataLoaderWAQI.swift in Sources */ = {isa = PBXBuildFile; fileRef = 0269848625251DD5002BFB88 /* DataLoaderWAQI.swift */; };
		0274ACB025037DC7005AB5A9 /* DataLoaderCO2Signal.swift in Sources */ = {isa = PBXBuildFile; fileRef = 0274ACAF25037DC7005AB5A9 /* DataLoaderCO2Signal.swift */; };
		027DEB4C253501C200CF7936 /* Banner.swift in Sources */ = {isa = PBXBuildFile; fileRef = 027DEB4B253501C200CF7936 /* Banner.swift */; };
		0283DD8924F051B700E4CC07 /* AppDelegate.swift in Sources */ = {isa = PBXBuildFile; fileRef = 0283DD8824F051B700E4CC07 /* AppDelegate.swift */; };
		0283DD8B24F051B700E4CC07 /* ViewController.swift in Sources */ = {isa = PBXBuildFile; fileRef = 0283DD8A24F051B700E4CC07 /* ViewController.swift */; };
		0283DD8D24F051BF00E4CC07 /* Assets.xcassets in Resources */ = {isa = PBXBuildFile; fileRef = 0283DD8C24F051BF00E4CC07 /* Assets.xcassets */; };
		0283DD9024F051BF00E4CC07 /* Main.storyboard in Resources */ = {isa = PBXBuildFile; fileRef = 0283DD8E24F051BF00E4CC07 /* Main.storyboard */; };
		0283DD9924F051EE00E4CC07 /* DataLoaderPurpleAir.swift in Sources */ = {isa = PBXBuildFile; fileRef = 0283DD9824F051EE00E4CC07 /* DataLoaderPurpleAir.swift */; };
		0283DD9D24F0568000E4CC07 /* Menu.swift in Sources */ = {isa = PBXBuildFile; fileRef = 0283DD9C24F0568000E4CC07 /* Menu.swift */; };
		028E0E5A2526345600D03420 /* MapView.swift in Sources */ = {isa = PBXBuildFile; fileRef = 028E0E592526345600D03420 /* MapView.swift */; };
		0293625B24FA5601003EA39C /* MiasmaLauncher.app in CopyFiles */ = {isa = PBXBuildFile; fileRef = 02F3C75324FA53A5006ED277 /* MiasmaLauncher.app */; settings = {ATTRIBUTES = (RemoveHeadersOnCopy, ); }; };
		029BD3842536E99500C743A7 /* DataLoaderSmartCitizen.swift in Sources */ = {isa = PBXBuildFile; fileRef = 029BD3832536E99500C743A7 /* DataLoaderSmartCitizen.swift */; };
		02A7409525269E6400830B35 /* DataLoaderCO2Signal.swift in Sources */ = {isa = PBXBuildFile; fileRef = 02A7409425269E6300830B35 /* DataLoaderCO2Signal.swift */; };
		02A7409D2527228300830B35 /* DataLoaderOpenSky.swift in Sources */ = {isa = PBXBuildFile; fileRef = 02A7409C2527228300830B35 /* DataLoaderOpenSky.swift */; };
		02A740A22527263100830B35 /* DataLoaderClimaCell.swift in Sources */ = {isa = PBXBuildFile; fileRef = 02A740A12527263100830B35 /* DataLoaderClimaCell.swift */; };
		02AAE82B24F9A56300948D5F /* Extensions.swift in Sources */ = {isa = PBXBuildFile; fileRef = 02AAE82A24F9A56300948D5F /* Extensions.swift */; };
		02ADB06D24FDA15700126F0C /* .gitignore in Resources */ = {isa = PBXBuildFile; fileRef = 02ADB06C24FDA15700126F0C /* .gitignore */; };
		02B85174250C0B8D0048F2FD /* APIKeys.swift in Sources */ = {isa = PBXBuildFile; fileRef = 02B85173250C0B8D0048F2FD /* APIKeys.swift */; };
		02BCC4E326C02C9400FDFF74 /* ContentViewSmartCitizen.swift in Sources */ = {isa = PBXBuildFile; fileRef = 02BCC4E226C02C9400FDFF74 /* ContentViewSmartCitizen.swift */; };
		02BCC4E526C02CAB00FDFF74 /* DataLoaderSmartCitizen.swift in Sources */ = {isa = PBXBuildFile; fileRef = 02BCC4E426C02CAB00FDFF74 /* DataLoaderSmartCitizen.swift */; };
		02BE00B624FBC40E0064F5B8 /* Graphics in Resources */ = {isa = PBXBuildFile; fileRef = 02BE00B524FBC40E0064F5B8 /* Graphics */; };
		02C2C9682533A0C4005840F7 /* ContentViewPurpleAir.swift in Sources */ = {isa = PBXBuildFile; fileRef = 02C2C9672533A0C4005840F7 /* ContentViewPurpleAir.swift */; };
		02C2C96D2533A0D6005840F7 /* ContentViewWAQI.swift in Sources */ = {isa = PBXBuildFile; fileRef = 02C2C96C2533A0D6005840F7 /* ContentViewWAQI.swift */; };
		02D06EC8250CB48800D81189 /* DataLoaderClimaCell.swift in Sources */ = {isa = PBXBuildFile; fileRef = 02D06EC7250CB48800D81189 /* DataLoaderClimaCell.swift */; };
		02D15EBD2534F5F20064ADA3 /* Podfile in Resources */ = {isa = PBXBuildFile; fileRef = 02D15EBC2534F5F20064ADA3 /* Podfile */; };
		02D5AB5A252A144B007E73DC /* ProfileHost.swift in Sources */ = {isa = PBXBuildFile; fileRef = 02D5AB57252A144B007E73DC /* ProfileHost.swift */; };
		02D5AB5B252A144B007E73DC /* ProfileSummary.swift in Sources */ = {isa = PBXBuildFile; fileRef = 02D5AB58252A144B007E73DC /* ProfileSummary.swift */; };
		02D5AB5C252A144B007E73DC /* ProfileEditor.swift in Sources */ = {isa = PBXBuildFile; fileRef = 02D5AB59252A144B007E73DC /* ProfileEditor.swift */; };
		02ED019225096F3200BDF25A /* DataLoaderOpenSky.swift in Sources */ = {isa = PBXBuildFile; fileRef = 02ED019125096F3200BDF25A /* DataLoaderOpenSky.swift */; };
		02F3C75624FA53A5006ED277 /* AppDelegate.swift in Sources */ = {isa = PBXBuildFile; fileRef = 02F3C75524FA53A5006ED277 /* AppDelegate.swift */; };
		02F3C76824FA5487006ED277 /* MiasmaLauncher.app in Resources */ = {isa = PBXBuildFile; fileRef = 02F3C75324FA53A5006ED277 /* MiasmaLauncher.app */; };
		02F3C77024FA54B4006ED277 /* ServiceManagement.framework in Frameworks */ = {isa = PBXBuildFile; fileRef = 02F3C76F24FA54B4006ED277 /* ServiceManagement.framework */; };
		C8F1147075CD7F8C11D5BFD3 /* Pods_Miasma_iOS.framework in Frameworks */ = {isa = PBXBuildFile; fileRef = 6B82A42B0FD5F8FE3F996AD6 /* Pods_Miasma_iOS.framework */; };
/* End PBXBuildFile section */

/* Begin PBXContainerItemProxy section */
		0293625124FA54FC003EA39C /* PBXContainerItemProxy */ = {
			isa = PBXContainerItemProxy;
			containerPortal = 0283DD7D24F051B700E4CC07 /* Project object */;
			proxyType = 1;
			remoteGlobalIDString = 02F3C75224FA53A5006ED277;
			remoteInfo = MiasmaLauncherApplication;
		};
		0293625324FA551D003EA39C /* PBXContainerItemProxy */ = {
			isa = PBXContainerItemProxy;
			containerPortal = 0283DD7D24F051B700E4CC07 /* Project object */;
			proxyType = 1;
			remoteGlobalIDString = 02F3C75224FA53A5006ED277;
			remoteInfo = MiasmaLauncherApplication;
		};
		0293625524FA55AD003EA39C /* PBXContainerItemProxy */ = {
			isa = PBXContainerItemProxy;
			containerPortal = 0283DD7D24F051B700E4CC07 /* Project object */;
			proxyType = 1;
			remoteGlobalIDString = 02F3C75224FA53A5006ED277;
			remoteInfo = MiasmaLauncherApplication;
		};
		0293625924FA55BB003EA39C /* PBXContainerItemProxy */ = {
			isa = PBXContainerItemProxy;
			containerPortal = 0283DD7D24F051B700E4CC07 /* Project object */;
			proxyType = 1;
			remoteGlobalIDString = 02F3C75224FA53A5006ED277;
			remoteInfo = MiasmaLauncherApplication;
		};
		02F3C76924FA5487006ED277 /* PBXContainerItemProxy */ = {
			isa = PBXContainerItemProxy;
			containerPortal = 0283DD7D24F051B700E4CC07 /* Project object */;
			proxyType = 1;
			remoteGlobalIDString = 02F3C75224FA53A5006ED277;
			remoteInfo = MiasmaLauncherApplication;
		};
		02F3C76B24FA548C006ED277 /* PBXContainerItemProxy */ = {
			isa = PBXContainerItemProxy;
			containerPortal = 0283DD7D24F051B700E4CC07 /* Project object */;
			proxyType = 1;
			remoteGlobalIDString = 02F3C75224FA53A5006ED277;
			remoteInfo = MiasmaLauncherApplication;
		};
		02F3C76D24FA54A3006ED277 /* PBXContainerItemProxy */ = {
			isa = PBXContainerItemProxy;
			containerPortal = 0283DD7D24F051B700E4CC07 /* Project object */;
			proxyType = 1;
			remoteGlobalIDString = 02F3C75224FA53A5006ED277;
			remoteInfo = MiasmaLauncherApplication;
		};
		02F3C77124FA54BA006ED277 /* PBXContainerItemProxy */ = {
			isa = PBXContainerItemProxy;
			containerPortal = 0283DD7D24F051B700E4CC07 /* Project object */;
			proxyType = 1;
			remoteGlobalIDString = 02F3C75224FA53A5006ED277;
			remoteInfo = MiasmaLauncherApplication;
		};
		02F3C77324FA54BF006ED277 /* PBXContainerItemProxy */ = {
			isa = PBXContainerItemProxy;
			containerPortal = 0283DD7D24F051B700E4CC07 /* Project object */;
			proxyType = 1;
			remoteGlobalIDString = 02F3C75224FA53A5006ED277;
			remoteInfo = MiasmaLauncherApplication;
		};
		02F3C77524FA54D5006ED277 /* PBXContainerItemProxy */ = {
			isa = PBXContainerItemProxy;
			containerPortal = 0283DD7D24F051B700E4CC07 /* Project object */;
			proxyType = 1;
			remoteGlobalIDString = 02F3C75224FA53A5006ED277;
			remoteInfo = MiasmaLauncherApplication;
		};
		02F3C77724FA54E4006ED277 /* PBXContainerItemProxy */ = {
			isa = PBXContainerItemProxy;
			containerPortal = 0283DD7D24F051B700E4CC07 /* Project object */;
			proxyType = 1;
			remoteGlobalIDString = 02F3C75224FA53A5006ED277;
			remoteInfo = MiasmaLauncherApplication;
		};
/* End PBXContainerItemProxy section */

/* Begin PBXCopyFilesBuildPhase section */
		02F3C76624FA544C006ED277 /* CopyFiles */ = {
			isa = PBXCopyFilesBuildPhase;
			buildActionMask = 2147483647;
			dstPath = Contents/Library/LoginItems;
			dstSubfolderSpec = 1;
			files = (
				0293625B24FA5601003EA39C /* MiasmaLauncher.app in CopyFiles */,
			);
			runOnlyForDeploymentPostprocessing = 0;
		};
/* End PBXCopyFilesBuildPhase section */

/* Begin PBXFileReference section */
		02028E152526955600D9368E /* CircleImage.swift */ = {isa = PBXFileReference; fileEncoding = 4; lastKnownFileType = sourcecode.swift; path = CircleImage.swift; sourceTree = "<group>"; };
		0218870A24F4486900F95C20 /* DataLoaderWAQI.swift */ = {isa = PBXFileReference; fileEncoding = 4; lastKnownFileType = sourcecode.swift; path = DataLoaderWAQI.swift; sourceTree = "<group>"; };
		0218A776256DBBD500B2D684 /* Miasma WidgetExtension.appex */ = {isa = PBXFileReference; explicitFileType = "wrapper.app-extension"; includeInIndex = 0; path = "Miasma WidgetExtension.appex"; sourceTree = BUILT_PRODUCTS_DIR; };
		0218A777256DBBD500B2D684 /* WidgetKit.framework */ = {isa = PBXFileReference; lastKnownFileType = wrapper.framework; name = WidgetKit.framework; path = System/Library/Frameworks/WidgetKit.framework; sourceTree = SDKROOT; };
		0218A779256DBBD500B2D684 /* SwiftUI.framework */ = {isa = PBXFileReference; lastKnownFileType = wrapper.framework; name = SwiftUI.framework; path = System/Library/Frameworks/SwiftUI.framework; sourceTree = SDKROOT; };
		0218A77C256DBBD500B2D684 /* Miasma_Widget.swift */ = {isa = PBXFileReference; lastKnownFileType = sourcecode.swift; path = Miasma_Widget.swift; sourceTree = "<group>"; };
		0218A77E256DBBD700B2D684 /* Assets.xcassets */ = {isa = PBXFileReference; lastKnownFileType = folder.assetcatalog; path = Assets.xcassets; sourceTree = "<group>"; };
		0218A780256DBBD700B2D684 /* Info.plist */ = {isa = PBXFileReference; lastKnownFileType = text.plist.xml; path = Info.plist; sourceTree = "<group>"; };
		022934C8252CDF8600CD4FFB /* DataLoaderPurpleAir.swift */ = {isa = PBXFileReference; lastKnownFileType = sourcecode.swift; path = DataLoaderPurpleAir.swift; sourceTree = "<group>"; };
		022DBE22259B2875007DEB37 /* DataLoaderTelraam.swift */ = {isa = PBXFileReference; fileEncoding = 4; lastKnownFileType = sourcecode.swift; path = DataLoaderTelraam.swift; sourceTree = "<group>"; };
		023BBDEB25251AC3006E8054 /* Miasma iOS.app */ = {isa = PBXFileReference; explicitFileType = wrapper.application; includeInIndex = 0; path = "Miasma iOS.app"; sourceTree = BUILT_PRODUCTS_DIR; };
		023BBDED25251AC3006E8054 /* Miasma_iOSApp.swift */ = {isa = PBXFileReference; lastKnownFileType = sourcecode.swift; path = Miasma_iOSApp.swift; sourceTree = "<group>"; };
		023BBDEF25251AC3006E8054 /* ContentView.swift */ = {isa = PBXFileReference; lastKnownFileType = sourcecode.swift; path = ContentView.swift; sourceTree = "<group>"; };
		023BBDF125251AC5006E8054 /* Assets.xcassets */ = {isa = PBXFileReference; lastKnownFileType = folder.assetcatalog; path = Assets.xcassets; sourceTree = "<group>"; };
		023BBDF425251AC5006E8054 /* Preview Assets.xcassets */ = {isa = PBXFileReference; lastKnownFileType = folder.assetcatalog; path = "Preview Assets.xcassets"; sourceTree = "<group>"; };
		023BBDF625251AC5006E8054 /* Info.plist */ = {isa = PBXFileReference; lastKnownFileType = text.plist.xml; path = Info.plist; sourceTree = "<group>"; };
		023BBDFD25251AE2006E8054 /* Miasma iOS.entitlements */ = {isa = PBXFileReference; lastKnownFileType = text.plist.entitlements; path = "Miasma iOS.entitlements"; sourceTree = "<group>"; };
		0241630B253B577100441270 /* Locations.plist */ = {isa = PBXFileReference; fileEncoding = 4; lastKnownFileType = text.plist.xml; path = Locations.plist; sourceTree = "<group>"; };
		02416310253B57A900441270 /* StationLocationWAQI.swift */ = {isa = PBXFileReference; fileEncoding = 4; lastKnownFileType = sourcecode.swift; path = StationLocationWAQI.swift; sourceTree = "<group>"; };
		0269848125251DB7002BFB88 /* APIKeys.swift */ = {isa = PBXFileReference; lastKnownFileType = sourcecode.swift; path = APIKeys.swift; sourceTree = "<group>"; };
		0269848625251DD5002BFB88 /* DataLoaderWAQI.swift */ = {isa = PBXFileReference; lastKnownFileType = sourcecode.swift; path = DataLoaderWAQI.swift; sourceTree = "<group>"; };
		0274ACAF25037DC7005AB5A9 /* DataLoaderCO2Signal.swift */ = {isa = PBXFileReference; fileEncoding = 4; lastKnownFileType = sourcecode.swift; path = DataLoaderCO2Signal.swift; sourceTree = "<group>"; };
		027DEB4B253501C200CF7936 /* Banner.swift */ = {isa = PBXFileReference; lastKnownFileType = sourcecode.swift; path = Banner.swift; sourceTree = "<group>"; };
		0283DD8524F051B700E4CC07 /* Miasma.app */ = {isa = PBXFileReference; explicitFileType = wrapper.application; includeInIndex = 0; path = Miasma.app; sourceTree = BUILT_PRODUCTS_DIR; };
		0283DD8824F051B700E4CC07 /* AppDelegate.swift */ = {isa = PBXFileReference; lastKnownFileType = sourcecode.swift; path = AppDelegate.swift; sourceTree = "<group>"; };
		0283DD8A24F051B700E4CC07 /* ViewController.swift */ = {isa = PBXFileReference; lastKnownFileType = sourcecode.swift; path = ViewController.swift; sourceTree = "<group>"; };
		0283DD8C24F051BF00E4CC07 /* Assets.xcassets */ = {isa = PBXFileReference; lastKnownFileType = folder.assetcatalog; path = Assets.xcassets; sourceTree = "<group>"; };
		0283DD8F24F051BF00E4CC07 /* Base */ = {isa = PBXFileReference; lastKnownFileType = file.storyboard; name = Base; path = Base.lproj/Main.storyboard; sourceTree = "<group>"; };
		0283DD9124F051BF00E4CC07 /* Info.plist */ = {isa = PBXFileReference; lastKnownFileType = text.plist.xml; path = Info.plist; sourceTree = "<group>"; };
		0283DD9224F051BF00E4CC07 /* Miasma.entitlements */ = {isa = PBXFileReference; lastKnownFileType = text.plist.entitlements; path = Miasma.entitlements; sourceTree = "<group>"; };
		0283DD9824F051EE00E4CC07 /* DataLoaderPurpleAir.swift */ = {isa = PBXFileReference; fileEncoding = 4; lastKnownFileType = sourcecode.swift; path = DataLoaderPurpleAir.swift; sourceTree = "<group>"; };
		0283DD9C24F0568000E4CC07 /* Menu.swift */ = {isa = PBXFileReference; lastKnownFileType = sourcecode.swift; path = Menu.swift; sourceTree = "<group>"; };
		028E0E592526345600D03420 /* MapView.swift */ = {isa = PBXFileReference; fileEncoding = 4; lastKnownFileType = sourcecode.swift; path = MapView.swift; sourceTree = "<group>"; };
		0293625724FA55B8003EA39C /* NetworkExtension.framework */ = {isa = PBXFileReference; lastKnownFileType = wrapper.framework; name = NetworkExtension.framework; path = System/Library/Frameworks/NetworkExtension.framework; sourceTree = SDKROOT; };
		029BD3832536E99500C743A7 /* DataLoaderSmartCitizen.swift */ = {isa = PBXFileReference; fileEncoding = 4; lastKnownFileType = sourcecode.swift; path = DataLoaderSmartCitizen.swift; sourceTree = "<group>"; };
		02A7409425269E6300830B35 /* DataLoaderCO2Signal.swift */ = {isa = PBXFileReference; lastKnownFileType = sourcecode.swift; path = DataLoaderCO2Signal.swift; sourceTree = "<group>"; };
		02A7409C2527228300830B35 /* DataLoaderOpenSky.swift */ = {isa = PBXFileReference; lastKnownFileType = sourcecode.swift; path = DataLoaderOpenSky.swift; sourceTree = "<group>"; };
		02A740A12527263100830B35 /* DataLoaderClimaCell.swift */ = {isa = PBXFileReference; lastKnownFileType = sourcecode.swift; path = DataLoaderClimaCell.swift; sourceTree = "<group>"; };
		02AAE82A24F9A56300948D5F /* Extensions.swift */ = {isa = PBXFileReference; fileEncoding = 4; lastKnownFileType = sourcecode.swift; path = Extensions.swift; sourceTree = "<group>"; };
		02ADB06C24FDA15700126F0C /* .gitignore */ = {isa = PBXFileReference; lastKnownFileType = text; path = .gitignore; sourceTree = "<group>"; };
		02B85173250C0B8D0048F2FD /* APIKeys.swift */ = {isa = PBXFileReference; lastKnownFileType = sourcecode.swift; path = APIKeys.swift; sourceTree = "<group>"; };
		02BCC4E226C02C9400FDFF74 /* ContentViewSmartCitizen.swift */ = {isa = PBXFileReference; fileEncoding = 4; lastKnownFileType = sourcecode.swift; path = ContentViewSmartCitizen.swift; sourceTree = "<group>"; };
		02BCC4E426C02CAB00FDFF74 /* DataLoaderSmartCitizen.swift */ = {isa = PBXFileReference; lastKnownFileType = sourcecode.swift; path = DataLoaderSmartCitizen.swift; sourceTree = "<group>"; };
		02BE00B524FBC40E0064F5B8 /* Graphics */ = {isa = PBXFileReference; lastKnownFileType = folder; path = Graphics; sourceTree = "<group>"; };
		02C2C9672533A0C4005840F7 /* ContentViewPurpleAir.swift */ = {isa = PBXFileReference; fileEncoding = 4; lastKnownFileType = sourcecode.swift; path = ContentViewPurpleAir.swift; sourceTree = "<group>"; };
		02C2C96C2533A0D6005840F7 /* ContentViewWAQI.swift */ = {isa = PBXFileReference; fileEncoding = 4; lastKnownFileType = sourcecode.swift; path = ContentViewWAQI.swift; sourceTree = "<group>"; };
		02D06EC7250CB48800D81189 /* DataLoaderClimaCell.swift */ = {isa = PBXFileReference; fileEncoding = 4; lastKnownFileType = sourcecode.swift; path = DataLoaderClimaCell.swift; sourceTree = "<group>"; };
		02D15EBC2534F5F20064ADA3 /* Podfile */ = {isa = PBXFileReference; lastKnownFileType = text; path = Podfile; sourceTree = "<group>"; xcLanguageSpecificationIdentifier = xcode.lang.ruby; };
		02D5AB57252A144B007E73DC /* ProfileHost.swift */ = {isa = PBXFileReference; fileEncoding = 4; lastKnownFileType = sourcecode.swift; path = ProfileHost.swift; sourceTree = "<group>"; };
		02D5AB58252A144B007E73DC /* ProfileSummary.swift */ = {isa = PBXFileReference; fileEncoding = 4; lastKnownFileType = sourcecode.swift; path = ProfileSummary.swift; sourceTree = "<group>"; };
		02D5AB59252A144B007E73DC /* ProfileEditor.swift */ = {isa = PBXFileReference; fileEncoding = 4; lastKnownFileType = sourcecode.swift; path = ProfileEditor.swift; sourceTree = "<group>"; };
		02ED019125096F3200BDF25A /* DataLoaderOpenSky.swift */ = {isa = PBXFileReference; fileEncoding = 4; lastKnownFileType = sourcecode.swift; path = DataLoaderOpenSky.swift; sourceTree = "<group>"; };
		02F3C75324FA53A5006ED277 /* MiasmaLauncher.app */ = {isa = PBXFileReference; explicitFileType = wrapper.application; includeInIndex = 0; path = MiasmaLauncher.app; sourceTree = BUILT_PRODUCTS_DIR; };
		02F3C75524FA53A5006ED277 /* AppDelegate.swift */ = {isa = PBXFileReference; lastKnownFileType = sourcecode.swift; path = AppDelegate.swift; sourceTree = "<group>"; };
		02F3C75924FA53A9006ED277 /* Assets.xcassets */ = {isa = PBXFileReference; lastKnownFileType = folder.assetcatalog; path = Assets.xcassets; sourceTree = "<group>"; };
		02F3C76124FA53A9006ED277 /* Info.plist */ = {isa = PBXFileReference; lastKnownFileType = text.plist.xml; path = Info.plist; sourceTree = "<group>"; };
		02F3C76224FA53A9006ED277 /* MiasmaLauncher.entitlements */ = {isa = PBXFileReference; lastKnownFileType = text.plist.entitlements; path = MiasmaLauncher.entitlements; sourceTree = "<group>"; };
		02F3C76F24FA54B4006ED277 /* ServiceManagement.framework */ = {isa = PBXFileReference; lastKnownFileType = wrapper.framework; name = ServiceManagement.framework; path = System/Library/Frameworks/ServiceManagement.framework; sourceTree = SDKROOT; };
		6B82A42B0FD5F8FE3F996AD6 /* Pods_Miasma_iOS.framework */ = {isa = PBXFileReference; explicitFileType = wrapper.framework; includeInIndex = 0; path = Pods_Miasma_iOS.framework; sourceTree = BUILT_PRODUCTS_DIR; };
		86006E1E02079EBDF218BAC3 /* Pods-Miasma iOS.debug.xcconfig */ = {isa = PBXFileReference; includeInIndex = 1; lastKnownFileType = text.xcconfig; name = "Pods-Miasma iOS.debug.xcconfig"; path = "Target Support Files/Pods-Miasma iOS/Pods-Miasma iOS.debug.xcconfig"; sourceTree = "<group>"; };
		C147F1933793B35CCDF0319B /* Pods-Miasma iOS.release.xcconfig */ = {isa = PBXFileReference; includeInIndex = 1; lastKnownFileType = text.xcconfig; name = "Pods-Miasma iOS.release.xcconfig"; path = "Target Support Files/Pods-Miasma iOS/Pods-Miasma iOS.release.xcconfig"; sourceTree = "<group>"; };
/* End PBXFileReference section */

/* Begin PBXFrameworksBuildPhase section */
		0218A773256DBBD500B2D684 /* Frameworks */ = {
			isa = PBXFrameworksBuildPhase;
			buildActionMask = 2147483647;
			files = (
				0218A77A256DBBD500B2D684 /* SwiftUI.framework in Frameworks */,
				0218A778256DBBD500B2D684 /* WidgetKit.framework in Frameworks */,
			);
			runOnlyForDeploymentPostprocessing = 0;
		};
		023BBDE825251AC3006E8054 /* Frameworks */ = {
			isa = PBXFrameworksBuildPhase;
			buildActionMask = 2147483647;
			files = (
				C8F1147075CD7F8C11D5BFD3 /* Pods_Miasma_iOS.framework in Frameworks */,
			);
			runOnlyForDeploymentPostprocessing = 0;
		};
		0283DD8224F051B700E4CC07 /* Frameworks */ = {
			isa = PBXFrameworksBuildPhase;
			buildActionMask = 2147483647;
			files = (
				02F3C77024FA54B4006ED277 /* ServiceManagement.framework in Frameworks */,
			);
			runOnlyForDeploymentPostprocessing = 0;
		};
		02F3C75024FA53A5006ED277 /* Frameworks */ = {
			isa = PBXFrameworksBuildPhase;
			buildActionMask = 2147483647;
			files = (
			);
			runOnlyForDeploymentPostprocessing = 0;
		};
/* End PBXFrameworksBuildPhase section */

/* Begin PBXGroup section */
		0218A77B256DBBD500B2D684 /* Miasma Widget */ = {
			isa = PBXGroup;
			children = (
				0218A77C256DBBD500B2D684 /* Miasma_Widget.swift */,
				0218A77E256DBBD700B2D684 /* Assets.xcassets */,
				0218A780256DBBD700B2D684 /* Info.plist */,
			);
			path = "Miasma Widget";
			sourceTree = "<group>";
		};
		023BBDEC25251AC3006E8054 /* Miasma iOS */ = {
			isa = PBXGroup;
			children = (
				0269848125251DB7002BFB88 /* APIKeys.swift */,
				023BBDF125251AC5006E8054 /* Assets.xcassets */,
				02028E152526955600D9368E /* CircleImage.swift */,
				023BBDEF25251AC3006E8054 /* ContentView.swift */,
				02C2C9672533A0C4005840F7 /* ContentViewPurpleAir.swift */,
				02C2C96C2533A0D6005840F7 /* ContentViewWAQI.swift */,
				02BCC4E226C02C9400FDFF74 /* ContentViewSmartCitizen.swift */,
				02A740A12527263100830B35 /* DataLoaderClimaCell.swift */,
				02A7409425269E6300830B35 /* DataLoaderCO2Signal.swift */,
				02A7409C2527228300830B35 /* DataLoaderOpenSky.swift */,
				022934C8252CDF8600CD4FFB /* DataLoaderPurpleAir.swift */,
				02BCC4E426C02CAB00FDFF74 /* DataLoaderSmartCitizen.swift */,
				0269848625251DD5002BFB88 /* DataLoaderWAQI.swift */,
				023BBDF625251AC5006E8054 /* Info.plist */,
				027DEB4B253501C200CF7936 /* Banner.swift */,
				028E0E592526345600D03420 /* MapView.swift */,
				023BBDFD25251AE2006E8054 /* Miasma iOS.entitlements */,
				023BBDED25251AC3006E8054 /* Miasma_iOSApp.swift */,
				02D5AB59252A144B007E73DC /* ProfileEditor.swift */,
				02D5AB57252A144B007E73DC /* ProfileHost.swift */,
				02D5AB58252A144B007E73DC /* ProfileSummary.swift */,
				023BBDF325251AC5006E8054 /* Preview Content */,
			);
			path = "Miasma iOS";
			sourceTree = "<group>";
		};
		023BBDF325251AC5006E8054 /* Preview Content */ = {
			isa = PBXGroup;
			children = (
				023BBDF425251AC5006E8054 /* Preview Assets.xcassets */,
			);
			path = "Preview Content";
			sourceTree = "<group>";
		};
		0283DD7C24F051B700E4CC07 = {
			isa = PBXGroup;
			children = (
				02D15EBC2534F5F20064ADA3 /* Podfile */,
				02ADB06C24FDA15700126F0C /* .gitignore */,
				0283DD8724F051B700E4CC07 /* Miasma */,
				02F3C75424FA53A5006ED277 /* MiasmaLauncher */,
				023BBDEC25251AC3006E8054 /* Miasma iOS */,
				0218A77B256DBBD500B2D684 /* Miasma Widget */,
				0283DD8624F051B700E4CC07 /* Products */,
				02F3C76724FA5487006ED277 /* Frameworks */,
				18F3238DAF863234A8DC71A3 /* Pods */,
			);
			sourceTree = "<group>";
		};
		0283DD8624F051B700E4CC07 /* Products */ = {
			isa = PBXGroup;
			children = (
				0283DD8524F051B700E4CC07 /* Miasma.app */,
				02F3C75324FA53A5006ED277 /* MiasmaLauncher.app */,
				023BBDEB25251AC3006E8054 /* Miasma iOS.app */,
				0218A776256DBBD500B2D684 /* Miasma WidgetExtension.appex */,
			);
			name = Products;
			sourceTree = "<group>";
		};
		0283DD8724F051B700E4CC07 /* Miasma */ = {
			isa = PBXGroup;
			children = (
				02B85173250C0B8D0048F2FD /* APIKeys.swift */,
				0283DD8824F051B700E4CC07 /* AppDelegate.swift */,
				0283DD8C24F051BF00E4CC07 /* Assets.xcassets */,
				02D06EC7250CB48800D81189 /* DataLoaderClimaCell.swift */,
				0274ACAF25037DC7005AB5A9 /* DataLoaderCO2Signal.swift */,
				02ED019125096F3200BDF25A /* DataLoaderOpenSky.swift */,
				0283DD9824F051EE00E4CC07 /* DataLoaderPurpleAir.swift */,
				029BD3832536E99500C743A7 /* DataLoaderSmartCitizen.swift */,
				022DBE22259B2875007DEB37 /* DataLoaderTelraam.swift */,
				0218870A24F4486900F95C20 /* DataLoaderWAQI.swift */,
				02AAE82A24F9A56300948D5F /* Extensions.swift */,
				02BE00B524FBC40E0064F5B8 /* Graphics */,
				0283DD9124F051BF00E4CC07 /* Info.plist */,
				0241630B253B577100441270 /* Locations.plist */,
				0283DD8E24F051BF00E4CC07 /* Main.storyboard */,
				0283DD9C24F0568000E4CC07 /* Menu.swift */,
				0283DD9224F051BF00E4CC07 /* Miasma.entitlements */,
				02416310253B57A900441270 /* StationLocationWAQI.swift */,
				0283DD8A24F051B700E4CC07 /* ViewController.swift */,
			);
			path = Miasma;
			sourceTree = "<group>";
		};
		02F3C75424FA53A5006ED277 /* MiasmaLauncher */ = {
			isa = PBXGroup;
			children = (
				02F3C75524FA53A5006ED277 /* AppDelegate.swift */,
				02F3C75924FA53A9006ED277 /* Assets.xcassets */,
				02F3C76124FA53A9006ED277 /* Info.plist */,
				02F3C76224FA53A9006ED277 /* MiasmaLauncher.entitlements */,
			);
			path = MiasmaLauncher;
			sourceTree = "<group>";
		};
		02F3C76724FA5487006ED277 /* Frameworks */ = {
			isa = PBXGroup;
			children = (
				0293625724FA55B8003EA39C /* NetworkExtension.framework */,
				02F3C76F24FA54B4006ED277 /* ServiceManagement.framework */,
				6B82A42B0FD5F8FE3F996AD6 /* Pods_Miasma_iOS.framework */,
				0218A777256DBBD500B2D684 /* WidgetKit.framework */,
				0218A779256DBBD500B2D684 /* SwiftUI.framework */,
			);
			name = Frameworks;
			sourceTree = "<group>";
		};
		18F3238DAF863234A8DC71A3 /* Pods */ = {
			isa = PBXGroup;
			children = (
				86006E1E02079EBDF218BAC3 /* Pods-Miasma iOS.debug.xcconfig */,
				C147F1933793B35CCDF0319B /* Pods-Miasma iOS.release.xcconfig */,
			);
			path = Pods;
			sourceTree = "<group>";
		};
/* End PBXGroup section */

/* Begin PBXNativeTarget section */
		0218A775256DBBD500B2D684 /* Miasma WidgetExtension */ = {
			isa = PBXNativeTarget;
			buildConfigurationList = 0218A787256DBBD700B2D684 /* Build configuration list for PBXNativeTarget "Miasma WidgetExtension" */;
			buildPhases = (
				0218A772256DBBD500B2D684 /* Sources */,
				0218A773256DBBD500B2D684 /* Frameworks */,
				0218A774256DBBD500B2D684 /* Resources */,
			);
			buildRules = (
			);
			dependencies = (
			);
			name = "Miasma WidgetExtension";
			productName = "Miasma WidgetExtension";
			productReference = 0218A776256DBBD500B2D684 /* Miasma WidgetExtension.appex */;
			productType = "com.apple.product-type.app-extension";
		};
		023BBDEA25251AC3006E8054 /* Miasma iOS */ = {
			isa = PBXNativeTarget;
			buildConfigurationList = 023BBDF925251AC5006E8054 /* Build configuration list for PBXNativeTarget "Miasma iOS" */;
			buildPhases = (
				B5C6956D9B1A6A9C0EFCD6A3 /* [CP] Check Pods Manifest.lock */,
				023BBDE725251AC3006E8054 /* Sources */,
				023BBDE825251AC3006E8054 /* Frameworks */,
				023BBDE925251AC3006E8054 /* Resources */,
				761D19D42BAB7394909232F9 /* [CP] Embed Pods Frameworks */,
			);
			buildRules = (
			);
			dependencies = (
			);
			name = "Miasma iOS";
			productName = "Miasma iOS";
			productReference = 023BBDEB25251AC3006E8054 /* Miasma iOS.app */;
			productType = "com.apple.product-type.application";
		};
		0283DD8424F051B700E4CC07 /* Miasma */ = {
			isa = PBXNativeTarget;
			buildConfigurationList = 0283DD9524F051BF00E4CC07 /* Build configuration list for PBXNativeTarget "Miasma" */;
			buildPhases = (
				0283DD8124F051B700E4CC07 /* Sources */,
				0283DD8224F051B700E4CC07 /* Frameworks */,
				0283DD8324F051B700E4CC07 /* Resources */,
				02F3C76624FA544C006ED277 /* CopyFiles */,
			);
			buildRules = (
			);
			dependencies = (
				02F3C76A24FA5487006ED277 /* PBXTargetDependency */,
				02F3C76C24FA548C006ED277 /* PBXTargetDependency */,
				02F3C76E24FA54A3006ED277 /* PBXTargetDependency */,
				02F3C77224FA54BA006ED277 /* PBXTargetDependency */,
				02F3C77424FA54BF006ED277 /* PBXTargetDependency */,
				02F3C77624FA54D5006ED277 /* PBXTargetDependency */,
				02F3C77824FA54E4006ED277 /* PBXTargetDependency */,
				0293625224FA54FC003EA39C /* PBXTargetDependency */,
				0293625424FA551D003EA39C /* PBXTargetDependency */,
				0293625624FA55AD003EA39C /* PBXTargetDependency */,
				0293625A24FA55BB003EA39C /* PBXTargetDependency */,
			);
			name = Miasma;
			productName = Miasma;
			productReference = 0283DD8524F051B700E4CC07 /* Miasma.app */;
			productType = "com.apple.product-type.application";
		};
		02F3C75224FA53A5006ED277 /* MiasmaLauncher */ = {
			isa = PBXNativeTarget;
			buildConfigurationList = 02F3C76524FA53A9006ED277 /* Build configuration list for PBXNativeTarget "MiasmaLauncher" */;
			buildPhases = (
				02F3C74F24FA53A5006ED277 /* Sources */,
				02F3C75024FA53A5006ED277 /* Frameworks */,
				02F3C75124FA53A5006ED277 /* Resources */,
			);
			buildRules = (
			);
			dependencies = (
			);
			name = MiasmaLauncher;
			productName = MiasmaLauncherApplication;
			productReference = 02F3C75324FA53A5006ED277 /* MiasmaLauncher.app */;
			productType = "com.apple.product-type.application";
		};
/* End PBXNativeTarget section */

/* Begin PBXProject section */
		0283DD7D24F051B700E4CC07 /* Project object */ = {
			isa = PBXProject;
			attributes = {
				LastSwiftUpdateCheck = 1220;
				LastUpgradeCheck = 1200;
				ORGANIZATIONNAME = "Darragh Rogan";
				TargetAttributes = {
					0218A775256DBBD500B2D684 = {
						CreatedOnToolsVersion = 12.2;
					};
					023BBDEA25251AC3006E8054 = {
						CreatedOnToolsVersion = 12.0.1;
					};
					0283DD8424F051B700E4CC07 = {
						CreatedOnToolsVersion = 11.6;
					};
					02F3C75224FA53A5006ED277 = {
						CreatedOnToolsVersion = 11.6;
					};
				};
			};
			buildConfigurationList = 0283DD8024F051B700E4CC07 /* Build configuration list for PBXProject "Miasma" */;
			compatibilityVersion = "Xcode 9.3";
			developmentRegion = en;
			hasScannedForEncodings = 0;
			knownRegions = (
				en,
				Base,
			);
			mainGroup = 0283DD7C24F051B700E4CC07;
			packageReferences = (
			);
			productRefGroup = 0283DD8624F051B700E4CC07 /* Products */;
			projectDirPath = "";
			projectRoot = "";
			targets = (
				0283DD8424F051B700E4CC07 /* Miasma */,
				02F3C75224FA53A5006ED277 /* MiasmaLauncher */,
				023BBDEA25251AC3006E8054 /* Miasma iOS */,
				0218A775256DBBD500B2D684 /* Miasma WidgetExtension */,
			);
		};
/* End PBXProject section */

/* Begin PBXResourcesBuildPhase section */
		0218A774256DBBD500B2D684 /* Resources */ = {
			isa = PBXResourcesBuildPhase;
			buildActionMask = 2147483647;
			files = (
				0218A77F256DBBD700B2D684 /* Assets.xcassets in Resources */,
			);
			runOnlyForDeploymentPostprocessing = 0;
		};
		023BBDE925251AC3006E8054 /* Resources */ = {
			isa = PBXResourcesBuildPhase;
			buildActionMask = 2147483647;
			files = (
				02D15EBD2534F5F20064ADA3 /* Podfile in Resources */,
				023BBDF525251AC5006E8054 /* Preview Assets.xcassets in Resources */,
				023BBDF225251AC5006E8054 /* Assets.xcassets in Resources */,
			);
			runOnlyForDeploymentPostprocessing = 0;
		};
		0283DD8324F051B700E4CC07 /* Resources */ = {
			isa = PBXResourcesBuildPhase;
			buildActionMask = 2147483647;
			files = (
				02ADB06D24FDA15700126F0C /* .gitignore in Resources */,
				02F3C76824FA5487006ED277 /* MiasmaLauncher.app in Resources */,
				02BE00B624FBC40E0064F5B8 /* Graphics in Resources */,
				0283DD8D24F051BF00E4CC07 /* Assets.xcassets in Resources */,
				0283DD9024F051BF00E4CC07 /* Main.storyboard in Resources */,
			);
			runOnlyForDeploymentPostprocessing = 0;
		};
		02F3C75124FA53A5006ED277 /* Resources */ = {
			isa = PBXResourcesBuildPhase;
			buildActionMask = 2147483647;
			files = (
			);
			runOnlyForDeploymentPostprocessing = 0;
		};
/* End PBXResourcesBuildPhase section */

/* Begin PBXShellScriptBuildPhase section */
		761D19D42BAB7394909232F9 /* [CP] Embed Pods Frameworks */ = {
			isa = PBXShellScriptBuildPhase;
			buildActionMask = 2147483647;
			files = (
			);
			inputFileListPaths = (
				"${PODS_ROOT}/Target Support Files/Pods-Miasma iOS/Pods-Miasma iOS-frameworks-${CONFIGURATION}-input-files.xcfilelist",
			);
			name = "[CP] Embed Pods Frameworks";
			outputFileListPaths = (
				"${PODS_ROOT}/Target Support Files/Pods-Miasma iOS/Pods-Miasma iOS-frameworks-${CONFIGURATION}-output-files.xcfilelist",
			);
			runOnlyForDeploymentPostprocessing = 0;
			shellPath = /bin/sh;
			shellScript = "\"${PODS_ROOT}/Target Support Files/Pods-Miasma iOS/Pods-Miasma iOS-frameworks.sh\"\n";
			showEnvVarsInLog = 0;
		};
		B5C6956D9B1A6A9C0EFCD6A3 /* [CP] Check Pods Manifest.lock */ = {
			isa = PBXShellScriptBuildPhase;
			buildActionMask = 2147483647;
			files = (
			);
			inputFileListPaths = (
			);
			inputPaths = (
				"${PODS_PODFILE_DIR_PATH}/Podfile.lock",
				"${PODS_ROOT}/Manifest.lock",
			);
			name = "[CP] Check Pods Manifest.lock";
			outputFileListPaths = (
			);
			outputPaths = (
				"$(DERIVED_FILE_DIR)/Pods-Miasma iOS-checkManifestLockResult.txt",
			);
			runOnlyForDeploymentPostprocessing = 0;
			shellPath = /bin/sh;
			shellScript = "diff \"${PODS_PODFILE_DIR_PATH}/Podfile.lock\" \"${PODS_ROOT}/Manifest.lock\" > /dev/null\nif [ $? != 0 ] ; then\n    # print error to STDERR\n    echo \"error: The sandbox is not in sync with the Podfile.lock. Run 'pod install' or update your CocoaPods installation.\" >&2\n    exit 1\nfi\n# This output is used by Xcode 'outputs' to avoid re-running this script phase.\necho \"SUCCESS\" > \"${SCRIPT_OUTPUT_FILE_0}\"\n";
			showEnvVarsInLog = 0;
		};
/* End PBXShellScriptBuildPhase section */

/* Begin PBXSourcesBuildPhase section */
		0218A772256DBBD500B2D684 /* Sources */ = {
			isa = PBXSourcesBuildPhase;
			buildActionMask = 2147483647;
			files = (
				0218A77D256DBBD500B2D684 /* Miasma_Widget.swift in Sources */,
			);
			runOnlyForDeploymentPostprocessing = 0;
		};
		023BBDE725251AC3006E8054 /* Sources */ = {
			isa = PBXSourcesBuildPhase;
			buildActionMask = 2147483647;
			files = (
				0269848225251DB7002BFB88 /* APIKeys.swift in Sources */,
				028E0E5A2526345600D03420 /* MapView.swift in Sources */,
				02D5AB5A252A144B007E73DC /* ProfileHost.swift in Sources */,
				02BCC4E526C02CAB00FDFF74 /* DataLoaderSmartCitizen.swift in Sources */,
				02D5AB5C252A144B007E73DC /* ProfileEditor.swift in Sources */,
				02028E162526955600D9368E /* CircleImage.swift in Sources */,
				023BBDF025251AC3006E8054 /* ContentView.swift in Sources */,
				02A7409D2527228300830B35 /* DataLoaderOpenSky.swift in Sources */,
				02BCC4E326C02C9400FDFF74 /* ContentViewSmartCitizen.swift in Sources */,
				0269848725251DD5002BFB88 /* DataLoaderWAQI.swift in Sources */,
				02A740A22527263100830B35 /* DataLoaderClimaCell.swift in Sources */,
				023BBDEE25251AC3006E8054 /* Miasma_iOSApp.swift in Sources */,
				02C2C96D2533A0D6005840F7 /* ContentViewWAQI.swift in Sources */,
				022934C9252CDF8600CD4FFB /* DataLoaderPurpleAir.swift in Sources */,
				02A7409525269E6400830B35 /* DataLoaderCO2Signal.swift in Sources */,
				027DEB4C253501C200CF7936 /* Banner.swift in Sources */,
				02D5AB5B252A144B007E73DC /* ProfileSummary.swift in Sources */,
				02C2C9682533A0C4005840F7 /* ContentViewPurpleAir.swift in Sources */,
			);
			runOnlyForDeploymentPostprocessing = 0;
		};
		0283DD8124F051B700E4CC07 /* Sources */ = {
			isa = PBXSourcesBuildPhase;
			buildActionMask = 2147483647;
			files = (
				0283DD8B24F051B700E4CC07 /* ViewController.swift in Sources */,
				02D06EC8250CB48800D81189 /* DataLoaderClimaCell.swift in Sources */,
				0218870B24F4486900F95C20 /* DataLoaderWAQI.swift in Sources */,
				0283DD9924F051EE00E4CC07 /* DataLoaderPurpleAir.swift in Sources */,
				02B85174250C0B8D0048F2FD /* APIKeys.swift in Sources */,
				022DBE23259B2875007DEB37 /* DataLoaderTelraam.swift in Sources */,
				0283DD8924F051B700E4CC07 /* AppDelegate.swift in Sources */,
				0283DD9D24F0568000E4CC07 /* Menu.swift in Sources */,
				02AAE82B24F9A56300948D5F /* Extensions.swift in Sources */,
				02ED019225096F3200BDF25A /* DataLoaderOpenSky.swift in Sources */,
				029BD3842536E99500C743A7 /* DataLoaderSmartCitizen.swift in Sources */,
				0274ACB025037DC7005AB5A9 /* DataLoaderCO2Signal.swift in Sources */,
			);
			runOnlyForDeploymentPostprocessing = 0;
		};
		02F3C74F24FA53A5006ED277 /* Sources */ = {
			isa = PBXSourcesBuildPhase;
			buildActionMask = 2147483647;
			files = (
				02F3C75624FA53A5006ED277 /* AppDelegate.swift in Sources */,
			);
			runOnlyForDeploymentPostprocessing = 0;
		};
/* End PBXSourcesBuildPhase section */

/* Begin PBXTargetDependency section */
		0293625224FA54FC003EA39C /* PBXTargetDependency */ = {
			isa = PBXTargetDependency;
			target = 02F3C75224FA53A5006ED277 /* MiasmaLauncher */;
			targetProxy = 0293625124FA54FC003EA39C /* PBXContainerItemProxy */;
		};
		0293625424FA551D003EA39C /* PBXTargetDependency */ = {
			isa = PBXTargetDependency;
			target = 02F3C75224FA53A5006ED277 /* MiasmaLauncher */;
			targetProxy = 0293625324FA551D003EA39C /* PBXContainerItemProxy */;
		};
		0293625624FA55AD003EA39C /* PBXTargetDependency */ = {
			isa = PBXTargetDependency;
			target = 02F3C75224FA53A5006ED277 /* MiasmaLauncher */;
			targetProxy = 0293625524FA55AD003EA39C /* PBXContainerItemProxy */;
		};
		0293625A24FA55BB003EA39C /* PBXTargetDependency */ = {
			isa = PBXTargetDependency;
			target = 02F3C75224FA53A5006ED277 /* MiasmaLauncher */;
			targetProxy = 0293625924FA55BB003EA39C /* PBXContainerItemProxy */;
		};
		02F3C76A24FA5487006ED277 /* PBXTargetDependency */ = {
			isa = PBXTargetDependency;
			target = 02F3C75224FA53A5006ED277 /* MiasmaLauncher */;
			targetProxy = 02F3C76924FA5487006ED277 /* PBXContainerItemProxy */;
		};
		02F3C76C24FA548C006ED277 /* PBXTargetDependency */ = {
			isa = PBXTargetDependency;
			target = 02F3C75224FA53A5006ED277 /* MiasmaLauncher */;
			targetProxy = 02F3C76B24FA548C006ED277 /* PBXContainerItemProxy */;
		};
		02F3C76E24FA54A3006ED277 /* PBXTargetDependency */ = {
			isa = PBXTargetDependency;
			target = 02F3C75224FA53A5006ED277 /* MiasmaLauncher */;
			targetProxy = 02F3C76D24FA54A3006ED277 /* PBXContainerItemProxy */;
		};
		02F3C77224FA54BA006ED277 /* PBXTargetDependency */ = {
			isa = PBXTargetDependency;
			target = 02F3C75224FA53A5006ED277 /* MiasmaLauncher */;
			targetProxy = 02F3C77124FA54BA006ED277 /* PBXContainerItemProxy */;
		};
		02F3C77424FA54BF006ED277 /* PBXTargetDependency */ = {
			isa = PBXTargetDependency;
			target = 02F3C75224FA53A5006ED277 /* MiasmaLauncher */;
			targetProxy = 02F3C77324FA54BF006ED277 /* PBXContainerItemProxy */;
		};
		02F3C77624FA54D5006ED277 /* PBXTargetDependency */ = {
			isa = PBXTargetDependency;
			target = 02F3C75224FA53A5006ED277 /* MiasmaLauncher */;
			targetProxy = 02F3C77524FA54D5006ED277 /* PBXContainerItemProxy */;
		};
		02F3C77824FA54E4006ED277 /* PBXTargetDependency */ = {
			isa = PBXTargetDependency;
			target = 02F3C75224FA53A5006ED277 /* MiasmaLauncher */;
			targetProxy = 02F3C77724FA54E4006ED277 /* PBXContainerItemProxy */;
		};
/* End PBXTargetDependency section */

/* Begin PBXVariantGroup section */
		0283DD8E24F051BF00E4CC07 /* Main.storyboard */ = {
			isa = PBXVariantGroup;
			children = (
				0283DD8F24F051BF00E4CC07 /* Base */,
			);
			name = Main.storyboard;
			sourceTree = "<group>";
		};
/* End PBXVariantGroup section */

/* Begin XCBuildConfiguration section */
		0218A785256DBBD700B2D684 /* Debug */ = {
			isa = XCBuildConfiguration;
			buildSettings = {
				ASSETCATALOG_COMPILER_GLOBAL_ACCENT_COLOR_NAME = AccentColor;
				ASSETCATALOG_COMPILER_WIDGET_BACKGROUND_COLOR_NAME = WidgetBackground;
				CODE_SIGN_STYLE = Automatic;
				CURRENT_PROJECT_VERSION = 15;
				DEVELOPMENT_TEAM = VDLCQ62KZH;
				INFOPLIST_FILE = "Miasma Widget/Info.plist";
				IPHONEOS_DEPLOYMENT_TARGET = 14.2;
				LD_RUNPATH_SEARCH_PATHS = (
					"$(inherited)",
					"@executable_path/Frameworks",
					"@executable_path/../../Frameworks",
				);
				MARKETING_VERSION = 1.1;
				PRODUCT_BUNDLE_IDENTIFIER = "Darragh-Rogan.Miasma.Miasma-Widget";
				PRODUCT_NAME = "$(TARGET_NAME)";
				SDKROOT = iphoneos;
				SKIP_INSTALL = YES;
				SWIFT_VERSION = 5.0;
				TARGETED_DEVICE_FAMILY = "1,2";
			};
			name = Debug;
		};
		0218A786256DBBD700B2D684 /* Release */ = {
			isa = XCBuildConfiguration;
			buildSettings = {
				ASSETCATALOG_COMPILER_GLOBAL_ACCENT_COLOR_NAME = AccentColor;
				ASSETCATALOG_COMPILER_WIDGET_BACKGROUND_COLOR_NAME = WidgetBackground;
				CODE_SIGN_STYLE = Automatic;
				CURRENT_PROJECT_VERSION = 15;
				DEVELOPMENT_TEAM = VDLCQ62KZH;
				INFOPLIST_FILE = "Miasma Widget/Info.plist";
				IPHONEOS_DEPLOYMENT_TARGET = 14.2;
				LD_RUNPATH_SEARCH_PATHS = (
					"$(inherited)",
					"@executable_path/Frameworks",
					"@executable_path/../../Frameworks",
				);
				MARKETING_VERSION = 1.1;
				PRODUCT_BUNDLE_IDENTIFIER = "Darragh-Rogan.Miasma.Miasma-Widget";
				PRODUCT_NAME = "$(TARGET_NAME)";
				SDKROOT = iphoneos;
				SKIP_INSTALL = YES;
				SWIFT_VERSION = 5.0;
				TARGETED_DEVICE_FAMILY = "1,2";
				VALIDATE_PRODUCT = YES;
			};
			name = Release;
		};
		023BBDF725251AC5006E8054 /* Debug */ = {
			isa = XCBuildConfiguration;
			baseConfigurationReference = 86006E1E02079EBDF218BAC3 /* Pods-Miasma iOS.debug.xcconfig */;
			buildSettings = {
				ASSETCATALOG_COMPILER_APPICON_NAME = AppIcon;
				ASSETCATALOG_COMPILER_GLOBAL_ACCENT_COLOR_NAME = AccentColor;
				CODE_SIGN_ENTITLEMENTS = "Miasma iOS/Miasma iOS.entitlements";
				CODE_SIGN_STYLE = Automatic;
				CURRENT_PROJECT_VERSION = 20;
				DEVELOPMENT_ASSET_PATHS = "\"Miasma iOS/Preview Content\"";
				DEVELOPMENT_TEAM = VDLCQ62KZH;
				ENABLE_PREVIEWS = YES;
				INFOPLIST_FILE = "Miasma iOS/Info.plist";
				IPHONEOS_DEPLOYMENT_TARGET = 14.0;
				LD_RUNPATH_SEARCH_PATHS = (
					"$(inherited)",
					"@executable_path/Frameworks",
				);
				MARKETING_VERSION = 1.1;
				PRODUCT_BUNDLE_IDENTIFIER = "Darragh-Rogan.Miasma";
				PRODUCT_NAME = "$(TARGET_NAME)";
				SDKROOT = iphoneos;
				SUPPORTS_MACCATALYST = NO;
				SWIFT_VERSION = 5.0;
				TARGETED_DEVICE_FAMILY = "1,2";
			};
			name = Debug;
		};
		023BBDF825251AC5006E8054 /* Release */ = {
			isa = XCBuildConfiguration;
			baseConfigurationReference = C147F1933793B35CCDF0319B /* Pods-Miasma iOS.release.xcconfig */;
			buildSettings = {
				ASSETCATALOG_COMPILER_APPICON_NAME = AppIcon;
				ASSETCATALOG_COMPILER_GLOBAL_ACCENT_COLOR_NAME = AccentColor;
				CODE_SIGN_ENTITLEMENTS = "Miasma iOS/Miasma iOS.entitlements";
				CODE_SIGN_STYLE = Automatic;
				CURRENT_PROJECT_VERSION = 20;
				DEVELOPMENT_ASSET_PATHS = "\"Miasma iOS/Preview Content\"";
				DEVELOPMENT_TEAM = VDLCQ62KZH;
				ENABLE_PREVIEWS = YES;
				INFOPLIST_FILE = "Miasma iOS/Info.plist";
				IPHONEOS_DEPLOYMENT_TARGET = 14.0;
				LD_RUNPATH_SEARCH_PATHS = (
					"$(inherited)",
					"@executable_path/Frameworks",
				);
				MARKETING_VERSION = 1.1;
				PRODUCT_BUNDLE_IDENTIFIER = "Darragh-Rogan.Miasma";
				PRODUCT_NAME = "$(TARGET_NAME)";
				SDKROOT = iphoneos;
				SUPPORTS_MACCATALYST = NO;
				SWIFT_VERSION = 5.0;
				TARGETED_DEVICE_FAMILY = "1,2";
				VALIDATE_PRODUCT = YES;
			};
			name = Release;
		};
		0283DD9324F051BF00E4CC07 /* Debug */ = {
			isa = XCBuildConfiguration;
			buildSettings = {
				ALWAYS_SEARCH_USER_PATHS = NO;
				CLANG_ANALYZER_NONNULL = YES;
				CLANG_ANALYZER_NUMBER_OBJECT_CONVERSION = YES_AGGRESSIVE;
				CLANG_CXX_LANGUAGE_STANDARD = "gnu++14";
				CLANG_CXX_LIBRARY = "libc++";
				CLANG_ENABLE_MODULES = YES;
				CLANG_ENABLE_OBJC_ARC = YES;
				CLANG_ENABLE_OBJC_WEAK = YES;
				CLANG_WARN_BLOCK_CAPTURE_AUTORELEASING = YES;
				CLANG_WARN_BOOL_CONVERSION = YES;
				CLANG_WARN_COMMA = YES;
				CLANG_WARN_CONSTANT_CONVERSION = YES;
				CLANG_WARN_DEPRECATED_OBJC_IMPLEMENTATIONS = YES;
				CLANG_WARN_DIRECT_OBJC_ISA_USAGE = YES_ERROR;
				CLANG_WARN_DOCUMENTATION_COMMENTS = YES;
				CLANG_WARN_EMPTY_BODY = YES;
				CLANG_WARN_ENUM_CONVERSION = YES;
				CLANG_WARN_INFINITE_RECURSION = YES;
				CLANG_WARN_INT_CONVERSION = YES;
				CLANG_WARN_NON_LITERAL_NULL_CONVERSION = YES;
				CLANG_WARN_OBJC_IMPLICIT_RETAIN_SELF = YES;
				CLANG_WARN_OBJC_LITERAL_CONVERSION = YES;
				CLANG_WARN_OBJC_ROOT_CLASS = YES_ERROR;
				CLANG_WARN_QUOTED_INCLUDE_IN_FRAMEWORK_HEADER = YES;
				CLANG_WARN_RANGE_LOOP_ANALYSIS = YES;
				CLANG_WARN_STRICT_PROTOTYPES = YES;
				CLANG_WARN_SUSPICIOUS_MOVE = YES;
				CLANG_WARN_UNGUARDED_AVAILABILITY = YES_AGGRESSIVE;
				CLANG_WARN_UNREACHABLE_CODE = YES;
				CLANG_WARN__DUPLICATE_METHOD_MATCH = YES;
				COPY_PHASE_STRIP = NO;
				DEBUG_INFORMATION_FORMAT = dwarf;
				ENABLE_STRICT_OBJC_MSGSEND = YES;
				ENABLE_TESTABILITY = YES;
				GCC_C_LANGUAGE_STANDARD = gnu11;
				GCC_DYNAMIC_NO_PIC = NO;
				GCC_NO_COMMON_BLOCKS = YES;
				GCC_OPTIMIZATION_LEVEL = 0;
				GCC_PREPROCESSOR_DEFINITIONS = (
					"DEBUG=1",
					"$(inherited)",
				);
				GCC_WARN_64_TO_32_BIT_CONVERSION = YES;
				GCC_WARN_ABOUT_RETURN_TYPE = YES_ERROR;
				GCC_WARN_UNDECLARED_SELECTOR = YES;
				GCC_WARN_UNINITIALIZED_AUTOS = YES_AGGRESSIVE;
				GCC_WARN_UNUSED_FUNCTION = YES;
				GCC_WARN_UNUSED_VARIABLE = YES;
				MACOSX_DEPLOYMENT_TARGET = 10.12;
				MTL_ENABLE_DEBUG_INFO = INCLUDE_SOURCE;
				MTL_FAST_MATH = YES;
				ONLY_ACTIVE_ARCH = YES;
				SDKROOT = macosx;
				SWIFT_ACTIVE_COMPILATION_CONDITIONS = DEBUG;
				SWIFT_OPTIMIZATION_LEVEL = "-Onone";
			};
			name = Debug;
		};
		0283DD9424F051BF00E4CC07 /* Release */ = {
			isa = XCBuildConfiguration;
			buildSettings = {
				ALWAYS_SEARCH_USER_PATHS = NO;
				CLANG_ANALYZER_NONNULL = YES;
				CLANG_ANALYZER_NUMBER_OBJECT_CONVERSION = YES_AGGRESSIVE;
				CLANG_CXX_LANGUAGE_STANDARD = "gnu++14";
				CLANG_CXX_LIBRARY = "libc++";
				CLANG_ENABLE_MODULES = YES;
				CLANG_ENABLE_OBJC_ARC = YES;
				CLANG_ENABLE_OBJC_WEAK = YES;
				CLANG_WARN_BLOCK_CAPTURE_AUTORELEASING = YES;
				CLANG_WARN_BOOL_CONVERSION = YES;
				CLANG_WARN_COMMA = YES;
				CLANG_WARN_CONSTANT_CONVERSION = YES;
				CLANG_WARN_DEPRECATED_OBJC_IMPLEMENTATIONS = YES;
				CLANG_WARN_DIRECT_OBJC_ISA_USAGE = YES_ERROR;
				CLANG_WARN_DOCUMENTATION_COMMENTS = YES;
				CLANG_WARN_EMPTY_BODY = YES;
				CLANG_WARN_ENUM_CONVERSION = YES;
				CLANG_WARN_INFINITE_RECURSION = YES;
				CLANG_WARN_INT_CONVERSION = YES;
				CLANG_WARN_NON_LITERAL_NULL_CONVERSION = YES;
				CLANG_WARN_OBJC_IMPLICIT_RETAIN_SELF = YES;
				CLANG_WARN_OBJC_LITERAL_CONVERSION = YES;
				CLANG_WARN_OBJC_ROOT_CLASS = YES_ERROR;
				CLANG_WARN_QUOTED_INCLUDE_IN_FRAMEWORK_HEADER = YES;
				CLANG_WARN_RANGE_LOOP_ANALYSIS = YES;
				CLANG_WARN_STRICT_PROTOTYPES = YES;
				CLANG_WARN_SUSPICIOUS_MOVE = YES;
				CLANG_WARN_UNGUARDED_AVAILABILITY = YES_AGGRESSIVE;
				CLANG_WARN_UNREACHABLE_CODE = YES;
				CLANG_WARN__DUPLICATE_METHOD_MATCH = YES;
				COPY_PHASE_STRIP = NO;
				DEBUG_INFORMATION_FORMAT = "dwarf-with-dsym";
				ENABLE_NS_ASSERTIONS = NO;
				ENABLE_STRICT_OBJC_MSGSEND = YES;
				GCC_C_LANGUAGE_STANDARD = gnu11;
				GCC_NO_COMMON_BLOCKS = YES;
				GCC_WARN_64_TO_32_BIT_CONVERSION = YES;
				GCC_WARN_ABOUT_RETURN_TYPE = YES_ERROR;
				GCC_WARN_UNDECLARED_SELECTOR = YES;
				GCC_WARN_UNINITIALIZED_AUTOS = YES_AGGRESSIVE;
				GCC_WARN_UNUSED_FUNCTION = YES;
				GCC_WARN_UNUSED_VARIABLE = YES;
				MACOSX_DEPLOYMENT_TARGET = 10.12;
				MTL_ENABLE_DEBUG_INFO = NO;
				MTL_FAST_MATH = YES;
				SDKROOT = macosx;
				SWIFT_COMPILATION_MODE = wholemodule;
				SWIFT_OPTIMIZATION_LEVEL = "-O";
			};
			name = Release;
		};
		0283DD9624F051BF00E4CC07 /* Debug */ = {
			isa = XCBuildConfiguration;
			buildSettings = {
				ARCHS = "$(ARCHS_STANDARD)";
				ASSETCATALOG_COMPILER_APPICON_NAME = AppIcon;
				CODE_SIGN_ENTITLEMENTS = Miasma/Miasma.entitlements;
				CODE_SIGN_IDENTITY = "Apple Development";
				CODE_SIGN_STYLE = Automatic;
				COMBINE_HIDPI_IMAGES = YES;
				CURRENT_PROJECT_VERSION = 29;
				DEVELOPMENT_TEAM = VDLCQ62KZH;
				ENABLE_HARDENED_RUNTIME = YES;
				EXCLUDED_ARCHS = "";
				INFOPLIST_FILE = Miasma/Info.plist;
				LD_RUNPATH_SEARCH_PATHS = (
					"$(inherited)",
					"@executable_path/../Frameworks",
				);
				MACOSX_DEPLOYMENT_TARGET = 10.12;
				MARKETING_VERSION = 1.21;
				PRODUCT_BUNDLE_IDENTIFIER = "Darragh-Rogan.Miasma";
				PRODUCT_NAME = "$(TARGET_NAME)";
				SWIFT_VERSION = 5.0;
			};
			name = Debug;
		};
		0283DD9724F051BF00E4CC07 /* Release */ = {
			isa = XCBuildConfiguration;
			buildSettings = {
				ARCHS = "$(ARCHS_STANDARD)";
				ASSETCATALOG_COMPILER_APPICON_NAME = AppIcon;
				CODE_SIGN_ENTITLEMENTS = Miasma/Miasma.entitlements;
				CODE_SIGN_IDENTITY = "Apple Development";
				CODE_SIGN_STYLE = Automatic;
				COMBINE_HIDPI_IMAGES = YES;
				CURRENT_PROJECT_VERSION = 29;
				DEVELOPMENT_TEAM = VDLCQ62KZH;
				ENABLE_HARDENED_RUNTIME = YES;
				EXCLUDED_ARCHS = "";
				INFOPLIST_FILE = Miasma/Info.plist;
				LD_RUNPATH_SEARCH_PATHS = (
					"$(inherited)",
					"@executable_path/../Frameworks",
				);
				MACOSX_DEPLOYMENT_TARGET = 10.12;
				MARKETING_VERSION = 1.21;
				PRODUCT_BUNDLE_IDENTIFIER = "Darragh-Rogan.Miasma";
				PRODUCT_NAME = "$(TARGET_NAME)";
				SWIFT_VERSION = 5.0;
			};
			name = Release;
		};
		02F3C76324FA53A9006ED277 /* Debug */ = {
			isa = XCBuildConfiguration;
			buildSettings = {
				ASSETCATALOG_COMPILER_APPICON_NAME = AppIcon;
				CODE_SIGN_ENTITLEMENTS = MiasmaLauncher/MiasmaLauncher.entitlements;
				CODE_SIGN_IDENTITY = "Apple Development";
				CODE_SIGN_STYLE = Automatic;
				COMBINE_HIDPI_IMAGES = YES;
				DEVELOPMENT_ASSET_PATHS = "";
				DEVELOPMENT_TEAM = VDLCQ62KZH;
				ENABLE_HARDENED_RUNTIME = YES;
				ENABLE_PREVIEWS = YES;
				INFOPLIST_FILE = "$(SRCROOT)/MiasmaLauncher/Info.plist";
				LD_RUNPATH_SEARCH_PATHS = (
					"$(inherited)",
					"@executable_path/../Frameworks",
				);
				PRODUCT_BUNDLE_IDENTIFIER = "Darragh-Rogan.MiasmaLauncher";
				PRODUCT_NAME = "$(TARGET_NAME)";
				SKIP_INSTALL = YES;
				SWIFT_VERSION = 5.0;
			};
			name = Debug;
		};
		02F3C76424FA53A9006ED277 /* Release */ = {
			isa = XCBuildConfiguration;
			buildSettings = {
				ASSETCATALOG_COMPILER_APPICON_NAME = AppIcon;
				CODE_SIGN_ENTITLEMENTS = MiasmaLauncher/MiasmaLauncher.entitlements;
				CODE_SIGN_IDENTITY = "Apple Development";
				CODE_SIGN_STYLE = Automatic;
				COMBINE_HIDPI_IMAGES = YES;
				DEVELOPMENT_ASSET_PATHS = "";
				DEVELOPMENT_TEAM = VDLCQ62KZH;
				ENABLE_HARDENED_RUNTIME = YES;
				ENABLE_PREVIEWS = YES;
				INFOPLIST_FILE = "$(SRCROOT)/MiasmaLauncher/Info.plist";
				LD_RUNPATH_SEARCH_PATHS = (
					"$(inherited)",
					"@executable_path/../Frameworks",
				);
				PRODUCT_BUNDLE_IDENTIFIER = "Darragh-Rogan.MiasmaLauncher";
				PRODUCT_NAME = "$(TARGET_NAME)";
				SKIP_INSTALL = YES;
				SWIFT_VERSION = 5.0;
			};
			name = Release;
		};
/* End XCBuildConfiguration section */

/* Begin XCConfigurationList section */
		0218A787256DBBD700B2D684 /* Build configuration list for PBXNativeTarget "Miasma WidgetExtension" */ = {
			isa = XCConfigurationList;
			buildConfigurations = (
				0218A785256DBBD700B2D684 /* Debug */,
				0218A786256DBBD700B2D684 /* Release */,
			);
			defaultConfigurationIsVisible = 0;
			defaultConfigurationName = Release;
		};
		023BBDF925251AC5006E8054 /* Build configuration list for PBXNativeTarget "Miasma iOS" */ = {
			isa = XCConfigurationList;
			buildConfigurations = (
				023BBDF725251AC5006E8054 /* Debug */,
				023BBDF825251AC5006E8054 /* Release */,
			);
			defaultConfigurationIsVisible = 0;
			defaultConfigurationName = Release;
		};
		0283DD8024F051B700E4CC07 /* Build configuration list for PBXProject "Miasma" */ = {
			isa = XCConfigurationList;
			buildConfigurations = (
				0283DD9324F051BF00E4CC07 /* Debug */,
				0283DD9424F051BF00E4CC07 /* Release */,
			);
			defaultConfigurationIsVisible = 0;
			defaultConfigurationName = Release;
		};
		0283DD9524F051BF00E4CC07 /* Build configuration list for PBXNativeTarget "Miasma" */ = {
			isa = XCConfigurationList;
			buildConfigurations = (
				0283DD9624F051BF00E4CC07 /* Debug */,
				0283DD9724F051BF00E4CC07 /* Release */,
			);
			defaultConfigurationIsVisible = 0;
			defaultConfigurationName = Release;
		};
		02F3C76524FA53A9006ED277 /* Build configuration list for PBXNativeTarget "MiasmaLauncher" */ = {
			isa = XCConfigurationList;
			buildConfigurations = (
				02F3C76324FA53A9006ED277 /* Debug */,
				02F3C76424FA53A9006ED277 /* Release */,
			);
			defaultConfigurationIsVisible = 0;
			defaultConfigurationName = Release;
		};
/* End XCConfigurationList section */
	};
	rootObject = 0283DD7D24F051B700E4CC07 /* Project object */;
}
