// !$*UTF8*$!
{
	archiveVersion = 1;
	classes = {
	};
	objectVersion = 50;
	objects = {

/* Begin PBXBuildFile section */
		0218870B24F4486900F95C20 /* DataLoaderWAQI.swift in Sources */ = {isa = PBXBuildFile; fileRef = 0218870A24F4486900F95C20 /* DataLoaderWAQI.swift */; };
		0274ACB025037DC7005AB5A9 /* DataLoaderCO2Signal.swift in Sources */ = {isa = PBXBuildFile; fileRef = 0274ACAF25037DC7005AB5A9 /* DataLoaderCO2Signal.swift */; };
		0283DD8924F051B700E4CC07 /* AppDelegate.swift in Sources */ = {isa = PBXBuildFile; fileRef = 0283DD8824F051B700E4CC07 /* AppDelegate.swift */; };
		0283DD8B24F051B700E4CC07 /* ViewController.swift in Sources */ = {isa = PBXBuildFile; fileRef = 0283DD8A24F051B700E4CC07 /* ViewController.swift */; };
		0283DD8D24F051BF00E4CC07 /* Assets.xcassets in Resources */ = {isa = PBXBuildFile; fileRef = 0283DD8C24F051BF00E4CC07 /* Assets.xcassets */; };
		0283DD9024F051BF00E4CC07 /* Main.storyboard in Resources */ = {isa = PBXBuildFile; fileRef = 0283DD8E24F051BF00E4CC07 /* Main.storyboard */; };
		0283DD9924F051EE00E4CC07 /* DataLoaderPurpleAir.swift in Sources */ = {isa = PBXBuildFile; fileRef = 0283DD9824F051EE00E4CC07 /* DataLoaderPurpleAir.swift */; };
		0283DD9D24F0568000E4CC07 /* Menu.swift in Sources */ = {isa = PBXBuildFile; fileRef = 0283DD9C24F0568000E4CC07 /* Menu.swift */; };
		0293625B24FA5601003EA39C /* MiasmaLauncherApplication.app in CopyFiles */ = {isa = PBXBuildFile; fileRef = 02F3C75324FA53A5006ED277 /* MiasmaLauncherApplication.app */; settings = {ATTRIBUTES = (RemoveHeadersOnCopy, ); }; };
		02AAE82B24F9A56300948D5F /* Extensions.swift in Sources */ = {isa = PBXBuildFile; fileRef = 02AAE82A24F9A56300948D5F /* Extensions.swift */; };
		02ADB06D24FDA15700126F0C /* .gitignore in Resources */ = {isa = PBXBuildFile; fileRef = 02ADB06C24FDA15700126F0C /* .gitignore */; };
		02BE00B624FBC40E0064F5B8 /* Graphics in Resources */ = {isa = PBXBuildFile; fileRef = 02BE00B524FBC40E0064F5B8 /* Graphics */; };
		02ECB5BC25017D8A00F26500 /* APIKeys.swift in Sources */ = {isa = PBXBuildFile; fileRef = 02ECB5BB25017D8A00F26500 /* APIKeys.swift */; };
		02F3C75624FA53A5006ED277 /* AppDelegate.swift in Sources */ = {isa = PBXBuildFile; fileRef = 02F3C75524FA53A5006ED277 /* AppDelegate.swift */; };
		02F3C75A24FA53A9006ED277 /* Assets.xcassets in Resources */ = {isa = PBXBuildFile; fileRef = 02F3C75924FA53A9006ED277 /* Assets.xcassets */; };
		02F3C76824FA5487006ED277 /* MiasmaLauncherApplication.app in Resources */ = {isa = PBXBuildFile; fileRef = 02F3C75324FA53A5006ED277 /* MiasmaLauncherApplication.app */; };
		02F3C77024FA54B4006ED277 /* ServiceManagement.framework in Frameworks */ = {isa = PBXBuildFile; fileRef = 02F3C76F24FA54B4006ED277 /* ServiceManagement.framework */; };
/* End PBXBuildFile section */

/* Begin PBXContainerItemProxy section */
		0293625124FA54FC003EA39C /* PBXContainerItemProxy */ = {
			isa = PBXContainerItemProxy;
			containerPortal = 0283DD7D24F051B700E4CC07 /* Project object */;
			proxyType = 1;
			remoteGlobalIDString = 02F3C75224FA53A5006ED277;
			remoteInfo = MiasmaLauncherApplication;
		};
		0293625324FA551D003EA39C /* PBXContainerItemProxy */ = {
			isa = PBXContainerItemProxy;
			containerPortal = 0283DD7D24F051B700E4CC07 /* Project object */;
			proxyType = 1;
			remoteGlobalIDString = 02F3C75224FA53A5006ED277;
			remoteInfo = MiasmaLauncherApplication;
		};
		0293625524FA55AD003EA39C /* PBXContainerItemProxy */ = {
			isa = PBXContainerItemProxy;
			containerPortal = 0283DD7D24F051B700E4CC07 /* Project object */;
			proxyType = 1;
			remoteGlobalIDString = 02F3C75224FA53A5006ED277;
			remoteInfo = MiasmaLauncherApplication;
		};
		0293625924FA55BB003EA39C /* PBXContainerItemProxy */ = {
			isa = PBXContainerItemProxy;
			containerPortal = 0283DD7D24F051B700E4CC07 /* Project object */;
			proxyType = 1;
			remoteGlobalIDString = 02F3C75224FA53A5006ED277;
			remoteInfo = MiasmaLauncherApplication;
		};
		02F3C76924FA5487006ED277 /* PBXContainerItemProxy */ = {
			isa = PBXContainerItemProxy;
			containerPortal = 0283DD7D24F051B700E4CC07 /* Project object */;
			proxyType = 1;
			remoteGlobalIDString = 02F3C75224FA53A5006ED277;
			remoteInfo = MiasmaLauncherApplication;
		};
		02F3C76B24FA548C006ED277 /* PBXContainerItemProxy */ = {
			isa = PBXContainerItemProxy;
			containerPortal = 0283DD7D24F051B700E4CC07 /* Project object */;
			proxyType = 1;
			remoteGlobalIDString = 02F3C75224FA53A5006ED277;
			remoteInfo = MiasmaLauncherApplication;
		};
		02F3C76D24FA54A3006ED277 /* PBXContainerItemProxy */ = {
			isa = PBXContainerItemProxy;
			containerPortal = 0283DD7D24F051B700E4CC07 /* Project object */;
			proxyType = 1;
			remoteGlobalIDString = 02F3C75224FA53A5006ED277;
			remoteInfo = MiasmaLauncherApplication;
		};
		02F3C77124FA54BA006ED277 /* PBXContainerItemProxy */ = {
			isa = PBXContainerItemProxy;
			containerPortal = 0283DD7D24F051B700E4CC07 /* Project object */;
			proxyType = 1;
			remoteGlobalIDString = 02F3C75224FA53A5006ED277;
			remoteInfo = MiasmaLauncherApplication;
		};
		02F3C77324FA54BF006ED277 /* PBXContainerItemProxy */ = {
			isa = PBXContainerItemProxy;
			containerPortal = 0283DD7D24F051B700E4CC07 /* Project object */;
			proxyType = 1;
			remoteGlobalIDString = 02F3C75224FA53A5006ED277;
			remoteInfo = MiasmaLauncherApplication;
		};
		02F3C77524FA54D5006ED277 /* PBXContainerItemProxy */ = {
			isa = PBXContainerItemProxy;
			containerPortal = 0283DD7D24F051B700E4CC07 /* Project object */;
			proxyType = 1;
			remoteGlobalIDString = 02F3C75224FA53A5006ED277;
			remoteInfo = MiasmaLauncherApplication;
		};
		02F3C77724FA54E4006ED277 /* PBXContainerItemProxy */ = {
			isa = PBXContainerItemProxy;
			containerPortal = 0283DD7D24F051B700E4CC07 /* Project object */;
			proxyType = 1;
			remoteGlobalIDString = 02F3C75224FA53A5006ED277;
			remoteInfo = MiasmaLauncherApplication;
		};
/* End PBXContainerItemProxy section */

/* Begin PBXCopyFilesBuildPhase section */
		02F3C76624FA544C006ED277 /* CopyFiles */ = {
			isa = PBXCopyFilesBuildPhase;
			buildActionMask = 2147483647;
			dstPath = Contents/Library/LoginItems;
			dstSubfolderSpec = 1;
			files = (
				0293625B24FA5601003EA39C /* MiasmaLauncherApplication.app in CopyFiles */,
			);
			runOnlyForDeploymentPostprocessing = 0;
		};
/* End PBXCopyFilesBuildPhase section */

/* Begin PBXFileReference section */
		0218870A24F4486900F95C20 /* DataLoaderWAQI.swift */ = {isa = PBXFileReference; fileEncoding = 4; lastKnownFileType = sourcecode.swift; path = DataLoaderWAQI.swift; sourceTree = "<group>"; };
		0274ACAF25037DC7005AB5A9 /* DataLoaderCO2Signal.swift */ = {isa = PBXFileReference; fileEncoding = 4; lastKnownFileType = sourcecode.swift; path = DataLoaderCO2Signal.swift; sourceTree = "<group>"; };
		0283DD8524F051B700E4CC07 /* Miasma.app */ = {isa = PBXFileReference; explicitFileType = wrapper.application; includeInIndex = 0; path = Miasma.app; sourceTree = BUILT_PRODUCTS_DIR; };
		0283DD8824F051B700E4CC07 /* AppDelegate.swift */ = {isa = PBXFileReference; lastKnownFileType = sourcecode.swift; path = AppDelegate.swift; sourceTree = "<group>"; };
		0283DD8A24F051B700E4CC07 /* ViewController.swift */ = {isa = PBXFileReference; lastKnownFileType = sourcecode.swift; path = ViewController.swift; sourceTree = "<group>"; };
		0283DD8C24F051BF00E4CC07 /* Assets.xcassets */ = {isa = PBXFileReference; lastKnownFileType = folder.assetcatalog; path = Assets.xcassets; sourceTree = "<group>"; };
		0283DD8F24F051BF00E4CC07 /* Base */ = {isa = PBXFileReference; lastKnownFileType = file.storyboard; name = Base; path = Base.lproj/Main.storyboard; sourceTree = "<group>"; };
		0283DD9124F051BF00E4CC07 /* Info.plist */ = {isa = PBXFileReference; lastKnownFileType = text.plist.xml; path = Info.plist; sourceTree = "<group>"; };
		0283DD9224F051BF00E4CC07 /* Miasma.entitlements */ = {isa = PBXFileReference; lastKnownFileType = text.plist.entitlements; path = Miasma.entitlements; sourceTree = "<group>"; };
		0283DD9824F051EE00E4CC07 /* DataLoaderPurpleAir.swift */ = {isa = PBXFileReference; fileEncoding = 4; lastKnownFileType = sourcecode.swift; path = DataLoaderPurpleAir.swift; sourceTree = "<group>"; };
		0283DD9C24F0568000E4CC07 /* Menu.swift */ = {isa = PBXFileReference; lastKnownFileType = sourcecode.swift; path = Menu.swift; sourceTree = "<group>"; };
		0293625724FA55B8003EA39C /* NetworkExtension.framework */ = {isa = PBXFileReference; lastKnownFileType = wrapper.framework; name = NetworkExtension.framework; path = System/Library/Frameworks/NetworkExtension.framework; sourceTree = SDKROOT; };
		02AAE82A24F9A56300948D5F /* Extensions.swift */ = {isa = PBXFileReference; fileEncoding = 4; lastKnownFileType = sourcecode.swift; path = Extensions.swift; sourceTree = "<group>"; };
		02ADB06C24FDA15700126F0C /* .gitignore */ = {isa = PBXFileReference; lastKnownFileType = text; path = .gitignore; sourceTree = "<group>"; };
		02BE00B524FBC40E0064F5B8 /* Graphics */ = {isa = PBXFileReference; lastKnownFileType = folder; path = Graphics; sourceTree = "<group>"; };
		02ECB5BB25017D8A00F26500 /* APIKeys.swift */ = {isa = PBXFileReference; lastKnownFileType = sourcecode.swift; path = APIKeys.swift; sourceTree = "<group>"; };
		02F3C75324FA53A5006ED277 /* MiasmaLauncherApplication.app */ = {isa = PBXFileReference; explicitFileType = wrapper.application; includeInIndex = 0; path = MiasmaLauncherApplication.app; sourceTree = BUILT_PRODUCTS_DIR; };
		02F3C75524FA53A5006ED277 /* AppDelegate.swift */ = {isa = PBXFileReference; lastKnownFileType = sourcecode.swift; path = AppDelegate.swift; sourceTree = "<group>"; };
		02F3C75924FA53A9006ED277 /* Assets.xcassets */ = {isa = PBXFileReference; lastKnownFileType = folder.assetcatalog; path = Assets.xcassets; sourceTree = "<group>"; };
		02F3C76124FA53A9006ED277 /* Info.plist */ = {isa = PBXFileReference; lastKnownFileType = text.plist.xml; path = Info.plist; sourceTree = "<group>"; };
		02F3C76224FA53A9006ED277 /* MiasmaLauncherApplication.entitlements */ = {isa = PBXFileReference; lastKnownFileType = text.plist.entitlements; path = MiasmaLauncherApplication.entitlements; sourceTree = "<group>"; };
		02F3C76F24FA54B4006ED277 /* ServiceManagement.framework */ = {isa = PBXFileReference; lastKnownFileType = wrapper.framework; name = ServiceManagement.framework; path = System/Library/Frameworks/ServiceManagement.framework; sourceTree = SDKROOT; };
/* End PBXFileReference section */

/* Begin PBXFrameworksBuildPhase section */
		0283DD8224F051B700E4CC07 /* Frameworks */ = {
			isa = PBXFrameworksBuildPhase;
			buildActionMask = 2147483647;
			files = (
				02F3C77024FA54B4006ED277 /* ServiceManagement.framework in Frameworks */,
			);
			runOnlyForDeploymentPostprocessing = 0;
		};
		02F3C75024FA53A5006ED277 /* Frameworks */ = {
			isa = PBXFrameworksBuildPhase;
			buildActionMask = 2147483647;
			files = (
			);
			runOnlyForDeploymentPostprocessing = 0;
		};
/* End PBXFrameworksBuildPhase section */

/* Begin PBXGroup section */
		0283DD7C24F051B700E4CC07 = {
			isa = PBXGroup;
			children = (
				02ADB06C24FDA15700126F0C /* .gitignore */,
				0283DD8724F051B700E4CC07 /* Miasma */,
				02F3C75424FA53A5006ED277 /* MiasmaLauncherApplication */,
				0283DD8624F051B700E4CC07 /* Products */,
				02F3C76724FA5487006ED277 /* Frameworks */,
			);
			sourceTree = "<group>";
		};
		0283DD8624F051B700E4CC07 /* Products */ = {
			isa = PBXGroup;
			children = (
				0283DD8524F051B700E4CC07 /* Miasma.app */,
				02F3C75324FA53A5006ED277 /* MiasmaLauncherApplication.app */,
			);
			name = Products;
			sourceTree = "<group>";
		};
		0283DD8724F051B700E4CC07 /* Miasma */ = {
			isa = PBXGroup;
			children = (
				02ECB5BB25017D8A00F26500 /* APIKeys.swift */,
				0283DD8824F051B700E4CC07 /* AppDelegate.swift */,
				0283DD8C24F051BF00E4CC07 /* Assets.xcassets */,
				0274ACAF25037DC7005AB5A9 /* DataLoaderCO2Signal.swift */,
				0283DD9824F051EE00E4CC07 /* DataLoaderPurpleAir.swift */,
				0218870A24F4486900F95C20 /* DataLoaderWAQI.swift */,
				02AAE82A24F9A56300948D5F /* Extensions.swift */,
				02BE00B524FBC40E0064F5B8 /* Graphics */,
				0283DD9124F051BF00E4CC07 /* Info.plist */,
				0283DD8E24F051BF00E4CC07 /* Main.storyboard */,
				0283DD9C24F0568000E4CC07 /* Menu.swift */,
				0283DD9224F051BF00E4CC07 /* Miasma.entitlements */,
				0283DD8A24F051B700E4CC07 /* ViewController.swift */,
			);
			path = Miasma;
			sourceTree = "<group>";
		};
		02F3C75424FA53A5006ED277 /* MiasmaLauncherApplication */ = {
			isa = PBXGroup;
			children = (
				02F3C75524FA53A5006ED277 /* AppDelegate.swift */,
				02F3C75924FA53A9006ED277 /* Assets.xcassets */,
				02F3C76124FA53A9006ED277 /* Info.plist */,
				02F3C76224FA53A9006ED277 /* MiasmaLauncherApplication.entitlements */,
			);
			path = MiasmaLauncherApplication;
			sourceTree = "<group>";
		};
		02F3C76724FA5487006ED277 /* Frameworks */ = {
			isa = PBXGroup;
			children = (
				0293625724FA55B8003EA39C /* NetworkExtension.framework */,
				02F3C76F24FA54B4006ED277 /* ServiceManagement.framework */,
			);
			name = Frameworks;
			sourceTree = "<group>";
		};
/* End PBXGroup section */

/* Begin PBXNativeTarget section */
		0283DD8424F051B700E4CC07 /* Miasma */ = {
			isa = PBXNativeTarget;
			buildConfigurationList = 0283DD9524F051BF00E4CC07 /* Build configuration list for PBXNativeTarget "Miasma" */;
			buildPhases = (
				0283DD8124F051B700E4CC07 /* Sources */,
				0283DD8224F051B700E4CC07 /* Frameworks */,
				0283DD8324F051B700E4CC07 /* Resources */,
				02F3C76624FA544C006ED277 /* CopyFiles */,
			);
			buildRules = (
			);
			dependencies = (
				02F3C76A24FA5487006ED277 /* PBXTargetDependency */,
				02F3C76C24FA548C006ED277 /* PBXTargetDependency */,
				02F3C76E24FA54A3006ED277 /* PBXTargetDependency */,
				02F3C77224FA54BA006ED277 /* PBXTargetDependency */,
				02F3C77424FA54BF006ED277 /* PBXTargetDependency */,
				02F3C77624FA54D5006ED277 /* PBXTargetDependency */,
				02F3C77824FA54E4006ED277 /* PBXTargetDependency */,
				0293625224FA54FC003EA39C /* PBXTargetDependency */,
				0293625424FA551D003EA39C /* PBXTargetDependency */,
				0293625624FA55AD003EA39C /* PBXTargetDependency */,
				0293625A24FA55BB003EA39C /* PBXTargetDependency */,
			);
			name = Miasma;
			productName = Miasma;
			productReference = 0283DD8524F051B700E4CC07 /* Miasma.app */;
			productType = "com.apple.product-type.application";
		};
		02F3C75224FA53A5006ED277 /* MiasmaLauncherApplication */ = {
			isa = PBXNativeTarget;
			buildConfigurationList = 02F3C76524FA53A9006ED277 /* Build configuration list for PBXNativeTarget "MiasmaLauncherApplication" */;
			buildPhases = (
				02F3C74F24FA53A5006ED277 /* Sources */,
				02F3C75024FA53A5006ED277 /* Frameworks */,
				02F3C75124FA53A5006ED277 /* Resources */,
			);
			buildRules = (
			);
			dependencies = (
			);
			name = MiasmaLauncherApplication;
			productName = MiasmaLauncherApplication;
			productReference = 02F3C75324FA53A5006ED277 /* MiasmaLauncherApplication.app */;
			productType = "com.apple.product-type.application";
		};
/* End PBXNativeTarget section */

/* Begin PBXProject section */
		0283DD7D24F051B700E4CC07 /* Project object */ = {
			isa = PBXProject;
			attributes = {
				LastSwiftUpdateCheck = 1160;
				LastUpgradeCheck = 1160;
				ORGANIZATIONNAME = "Darragh Rogan";
				TargetAttributes = {
					0283DD8424F051B700E4CC07 = {
						CreatedOnToolsVersion = 11.6;
					};
					02F3C75224FA53A5006ED277 = {
						CreatedOnToolsVersion = 11.6;
					};
				};
			};
			buildConfigurationList = 0283DD8024F051B700E4CC07 /* Build configuration list for PBXProject "Miasma" */;
			compatibilityVersion = "Xcode 9.3";
			developmentRegion = en;
			hasScannedForEncodings = 0;
			knownRegions = (
				en,
				Base,
			);
			mainGroup = 0283DD7C24F051B700E4CC07;
			productRefGroup = 0283DD8624F051B700E4CC07 /* Products */;
			projectDirPath = "";
			projectRoot = "";
			targets = (
				0283DD8424F051B700E4CC07 /* Miasma */,
				02F3C75224FA53A5006ED277 /* MiasmaLauncherApplication */,
			);
		};
/* End PBXProject section */

/* Begin PBXResourcesBuildPhase section */
		0283DD8324F051B700E4CC07 /* Resources */ = {
			isa = PBXResourcesBuildPhase;
			buildActionMask = 2147483647;
			files = (
				02ADB06D24FDA15700126F0C /* .gitignore in Resources */,
				02F3C76824FA5487006ED277 /* MiasmaLauncherApplication.app in Resources */,
				02BE00B624FBC40E0064F5B8 /* Graphics in Resources */,
				0283DD8D24F051BF00E4CC07 /* Assets.xcassets in Resources */,
				0283DD9024F051BF00E4CC07 /* Main.storyboard in Resources */,
			);
			runOnlyForDeploymentPostprocessing = 0;
		};
		02F3C75124FA53A5006ED277 /* Resources */ = {
			isa = PBXResourcesBuildPhase;
			buildActionMask = 2147483647;
			files = (
				02F3C75A24FA53A9006ED277 /* Assets.xcassets in Resources */,
			);
			runOnlyForDeploymentPostprocessing = 0;
		};
/* End PBXResourcesBuildPhase section */

/* Begin PBXSourcesBuildPhase section */
		0283DD8124F051B700E4CC07 /* Sources */ = {
			isa = PBXSourcesBuildPhase;
			buildActionMask = 2147483647;
			files = (
				0283DD8B24F051B700E4CC07 /* ViewController.swift in Sources */,
				0218870B24F4486900F95C20 /* DataLoaderWAQI.swift in Sources */,
				02ECB5BC25017D8A00F26500 /* APIKeys.swift in Sources */,
				0283DD9924F051EE00E4CC07 /* DataLoaderPurpleAir.swift in Sources */,
				0283DD8924F051B700E4CC07 /* AppDelegate.swift in Sources */,
				0283DD9D24F0568000E4CC07 /* Menu.swift in Sources */,
				02AAE82B24F9A56300948D5F /* Extensions.swift in Sources */,
				0274ACB025037DC7005AB5A9 /* DataLoaderCO2Signal.swift in Sources */,
			);
			runOnlyForDeploymentPostprocessing = 0;
		};
		02F3C74F24FA53A5006ED277 /* Sources */ = {
			isa = PBXSourcesBuildPhase;
			buildActionMask = 2147483647;
			files = (
				02F3C75624FA53A5006ED277 /* AppDelegate.swift in Sources */,
			);
			runOnlyForDeploymentPostprocessing = 0;
		};
/* End PBXSourcesBuildPhase section */

/* Begin PBXTargetDependency section */
		0293625224FA54FC003EA39C /* PBXTargetDependency */ = {
			isa = PBXTargetDependency;
			target = 02F3C75224FA53A5006ED277 /* MiasmaLauncherApplication */;
			targetProxy = 0293625124FA54FC003EA39C /* PBXContainerItemProxy */;
		};
		0293625424FA551D003EA39C /* PBXTargetDependency */ = {
			isa = PBXTargetDependency;
			target = 02F3C75224FA53A5006ED277 /* MiasmaLauncherApplication */;
			targetProxy = 0293625324FA551D003EA39C /* PBXContainerItemProxy */;
		};
		0293625624FA55AD003EA39C /* PBXTargetDependency */ = {
			isa = PBXTargetDependency;
			target = 02F3C75224FA53A5006ED277 /* MiasmaLauncherApplication */;
			targetProxy = 0293625524FA55AD003EA39C /* PBXContainerItemProxy */;
		};
		0293625A24FA55BB003EA39C /* PBXTargetDependency */ = {
			isa = PBXTargetDependency;
			target = 02F3C75224FA53A5006ED277 /* MiasmaLauncherApplication */;
			targetProxy = 0293625924FA55BB003EA39C /* PBXContainerItemProxy */;
		};
		02F3C76A24FA5487006ED277 /* PBXTargetDependency */ = {
			isa = PBXTargetDependency;
			target = 02F3C75224FA53A5006ED277 /* MiasmaLauncherApplication */;
			targetProxy = 02F3C76924FA5487006ED277 /* PBXContainerItemProxy */;
		};
		02F3C76C24FA548C006ED277 /* PBXTargetDependency */ = {
			isa = PBXTargetDependency;
			target = 02F3C75224FA53A5006ED277 /* MiasmaLauncherApplication */;
			targetProxy = 02F3C76B24FA548C006ED277 /* PBXContainerItemProxy */;
		};
		02F3C76E24FA54A3006ED277 /* PBXTargetDependency */ = {
			isa = PBXTargetDependency;
			target = 02F3C75224FA53A5006ED277 /* MiasmaLauncherApplication */;
			targetProxy = 02F3C76D24FA54A3006ED277 /* PBXContainerItemProxy */;
		};
		02F3C77224FA54BA006ED277 /* PBXTargetDependency */ = {
			isa = PBXTargetDependency;
			target = 02F3C75224FA53A5006ED277 /* MiasmaLauncherApplication */;
			targetProxy = 02F3C77124FA54BA006ED277 /* PBXContainerItemProxy */;
		};
		02F3C77424FA54BF006ED277 /* PBXTargetDependency */ = {
			isa = PBXTargetDependency;
			target = 02F3C75224FA53A5006ED277 /* MiasmaLauncherApplication */;
			targetProxy = 02F3C77324FA54BF006ED277 /* PBXContainerItemProxy */;
		};
		02F3C77624FA54D5006ED277 /* PBXTargetDependency */ = {
			isa = PBXTargetDependency;
			target = 02F3C75224FA53A5006ED277 /* MiasmaLauncherApplication */;
			targetProxy = 02F3C77524FA54D5006ED277 /* PBXContainerItemProxy */;
		};
		02F3C77824FA54E4006ED277 /* PBXTargetDependency */ = {
			isa = PBXTargetDependency;
			target = 02F3C75224FA53A5006ED277 /* MiasmaLauncherApplication */;
			targetProxy = 02F3C77724FA54E4006ED277 /* PBXContainerItemProxy */;
		};
/* End PBXTargetDependency section */

/* Begin PBXVariantGroup section */
		0283DD8E24F051BF00E4CC07 /* Main.storyboard */ = {
			isa = PBXVariantGroup;
			children = (
				0283DD8F24F051BF00E4CC07 /* Base */,
			);
			name = Main.storyboard;
			sourceTree = "<group>";
		};
/* End PBXVariantGroup section */

/* Begin XCBuildConfiguration section */
		0283DD9324F051BF00E4CC07 /* Debug */ = {
			isa = XCBuildConfiguration;
			buildSettings = {
				ALWAYS_SEARCH_USER_PATHS = NO;
				CLANG_ANALYZER_NONNULL = YES;
				CLANG_ANALYZER_NUMBER_OBJECT_CONVERSION = YES_AGGRESSIVE;
				CLANG_CXX_LANGUAGE_STANDARD = "gnu++14";
				CLANG_CXX_LIBRARY = "libc++";
				CLANG_ENABLE_MODULES = YES;
				CLANG_ENABLE_OBJC_ARC = YES;
				CLANG_ENABLE_OBJC_WEAK = YES;
				CLANG_WARN_BLOCK_CAPTURE_AUTORELEASING = YES;
				CLANG_WARN_BOOL_CONVERSION = YES;
				CLANG_WARN_COMMA = YES;
				CLANG_WARN_CONSTANT_CONVERSION = YES;
				CLANG_WARN_DEPRECATED_OBJC_IMPLEMENTATIONS = YES;
				CLANG_WARN_DIRECT_OBJC_ISA_USAGE = YES_ERROR;
				CLANG_WARN_DOCUMENTATION_COMMENTS = YES;
				CLANG_WARN_EMPTY_BODY = YES;
				CLANG_WARN_ENUM_CONVERSION = YES;
				CLANG_WARN_INFINITE_RECURSION = YES;
				CLANG_WARN_INT_CONVERSION = YES;
				CLANG_WARN_NON_LITERAL_NULL_CONVERSION = YES;
				CLANG_WARN_OBJC_IMPLICIT_RETAIN_SELF = YES;
				CLANG_WARN_OBJC_LITERAL_CONVERSION = YES;
				CLANG_WARN_OBJC_ROOT_CLASS = YES_ERROR;
				CLANG_WARN_RANGE_LOOP_ANALYSIS = YES;
				CLANG_WARN_STRICT_PROTOTYPES = YES;
				CLANG_WARN_SUSPICIOUS_MOVE = YES;
				CLANG_WARN_UNGUARDED_AVAILABILITY = YES_AGGRESSIVE;
				CLANG_WARN_UNREACHABLE_CODE = YES;
				CLANG_WARN__DUPLICATE_METHOD_MATCH = YES;
				COPY_PHASE_STRIP = NO;
				DEBUG_INFORMATION_FORMAT = dwarf;
				ENABLE_STRICT_OBJC_MSGSEND = YES;
				ENABLE_TESTABILITY = YES;
				GCC_C_LANGUAGE_STANDARD = gnu11;
				GCC_DYNAMIC_NO_PIC = NO;
				GCC_NO_COMMON_BLOCKS = YES;
				GCC_OPTIMIZATION_LEVEL = 0;
				GCC_PREPROCESSOR_DEFINITIONS = (
					"DEBUG=1",
					"$(inherited)",
				);
				GCC_WARN_64_TO_32_BIT_CONVERSION = YES;
				GCC_WARN_ABOUT_RETURN_TYPE = YES_ERROR;
				GCC_WARN_UNDECLARED_SELECTOR = YES;
				GCC_WARN_UNINITIALIZED_AUTOS = YES_AGGRESSIVE;
				GCC_WARN_UNUSED_FUNCTION = YES;
				GCC_WARN_UNUSED_VARIABLE = YES;
				MACOSX_DEPLOYMENT_TARGET = 10.12;
				MTL_ENABLE_DEBUG_INFO = INCLUDE_SOURCE;
				MTL_FAST_MATH = YES;
				ONLY_ACTIVE_ARCH = YES;
				SDKROOT = macosx;
				SWIFT_ACTIVE_COMPILATION_CONDITIONS = DEBUG;
				SWIFT_OPTIMIZATION_LEVEL = "-Onone";
			};
			name = Debug;
		};
		0283DD9424F051BF00E4CC07 /* Release */ = {
			isa = XCBuildConfiguration;
			buildSettings = {
				ALWAYS_SEARCH_USER_PATHS = NO;
				CLANG_ANALYZER_NONNULL = YES;
				CLANG_ANALYZER_NUMBER_OBJECT_CONVERSION = YES_AGGRESSIVE;
				CLANG_CXX_LANGUAGE_STANDARD = "gnu++14";
				CLANG_CXX_LIBRARY = "libc++";
				CLANG_ENABLE_MODULES = YES;
				CLANG_ENABLE_OBJC_ARC = YES;
				CLANG_ENABLE_OBJC_WEAK = YES;
				CLANG_WARN_BLOCK_CAPTURE_AUTORELEASING = YES;
				CLANG_WARN_BOOL_CONVERSION = YES;
				CLANG_WARN_COMMA = YES;
				CLANG_WARN_CONSTANT_CONVERSION = YES;
				CLANG_WARN_DEPRECATED_OBJC_IMPLEMENTATIONS = YES;
				CLANG_WARN_DIRECT_OBJC_ISA_USAGE = YES_ERROR;
				CLANG_WARN_DOCUMENTATION_COMMENTS = YES;
				CLANG_WARN_EMPTY_BODY = YES;
				CLANG_WARN_ENUM_CONVERSION = YES;
				CLANG_WARN_INFINITE_RECURSION = YES;
				CLANG_WARN_INT_CONVERSION = YES;
				CLANG_WARN_NON_LITERAL_NULL_CONVERSION = YES;
				CLANG_WARN_OBJC_IMPLICIT_RETAIN_SELF = YES;
				CLANG_WARN_OBJC_LITERAL_CONVERSION = YES;
				CLANG_WARN_OBJC_ROOT_CLASS = YES_ERROR;
				CLANG_WARN_RANGE_LOOP_ANALYSIS = YES;
				CLANG_WARN_STRICT_PROTOTYPES = YES;
				CLANG_WARN_SUSPICIOUS_MOVE = YES;
				CLANG_WARN_UNGUARDED_AVAILABILITY = YES_AGGRESSIVE;
				CLANG_WARN_UNREACHABLE_CODE = YES;
				CLANG_WARN__DUPLICATE_METHOD_MATCH = YES;
				COPY_PHASE_STRIP = NO;
				DEBUG_INFORMATION_FORMAT = "dwarf-with-dsym";
				ENABLE_NS_ASSERTIONS = NO;
				ENABLE_STRICT_OBJC_MSGSEND = YES;
				GCC_C_LANGUAGE_STANDARD = gnu11;
				GCC_NO_COMMON_BLOCKS = YES;
				GCC_WARN_64_TO_32_BIT_CONVERSION = YES;
				GCC_WARN_ABOUT_RETURN_TYPE = YES_ERROR;
				GCC_WARN_UNDECLARED_SELECTOR = YES;
				GCC_WARN_UNINITIALIZED_AUTOS = YES_AGGRESSIVE;
				GCC_WARN_UNUSED_FUNCTION = YES;
				GCC_WARN_UNUSED_VARIABLE = YES;
				MACOSX_DEPLOYMENT_TARGET = 10.12;
				MTL_ENABLE_DEBUG_INFO = NO;
				MTL_FAST_MATH = YES;
				SDKROOT = macosx;
				SWIFT_COMPILATION_MODE = wholemodule;
				SWIFT_OPTIMIZATION_LEVEL = "-O";
			};
			name = Release;
		};
		0283DD9624F051BF00E4CC07 /* Debug */ = {
			isa = XCBuildConfiguration;
			buildSettings = {
				ASSETCATALOG_COMPILER_APPICON_NAME = AppIcon;
				CODE_SIGN_ENTITLEMENTS = Miasma/Miasma.entitlements;
				CODE_SIGN_IDENTITY = "Apple Development";
				CODE_SIGN_STYLE = Automatic;
				COMBINE_HIDPI_IMAGES = YES;
				CURRENT_PROJECT_VERSION = 2;
				DEVELOPMENT_TEAM = VDLCQ62KZH;
				ENABLE_HARDENED_RUNTIME = YES;
				INFOPLIST_FILE = Miasma/Info.plist;
				LD_RUNPATH_SEARCH_PATHS = (
					"$(inherited)",
					"@executable_path/../Frameworks",
				);
				MACOSX_DEPLOYMENT_TARGET = 10.12;
				MARKETING_VERSION = 1.0;
				PRODUCT_BUNDLE_IDENTIFIER = "Darragh-Rogan.Miasma";
				PRODUCT_NAME = "$(TARGET_NAME)";
				SWIFT_VERSION = 5.0;
			};
			name = Debug;
		};
		0283DD9724F051BF00E4CC07 /* Release */ = {
			isa = XCBuildConfiguration;
			buildSettings = {
				ASSETCATALOG_COMPILER_APPICON_NAME = AppIcon;
				CODE_SIGN_ENTITLEMENTS = Miasma/Miasma.entitlements;
				CODE_SIGN_IDENTITY = "Apple Development";
				CODE_SIGN_STYLE = Automatic;
				COMBINE_HIDPI_IMAGES = YES;
				CURRENT_PROJECT_VERSION = 2;
				DEVELOPMENT_TEAM = VDLCQ62KZH;
				ENABLE_HARDENED_RUNTIME = YES;
				INFOPLIST_FILE = Miasma/Info.plist;
				LD_RUNPATH_SEARCH_PATHS = (
					"$(inherited)",
					"@executable_path/../Frameworks",
				);
				MACOSX_DEPLOYMENT_TARGET = 10.12;
				MARKETING_VERSION = 1.0;
				PRODUCT_BUNDLE_IDENTIFIER = "Darragh-Rogan.Miasma";
				PRODUCT_NAME = "$(TARGET_NAME)";
				SWIFT_VERSION = 5.0;
			};
			name = Release;
		};
		02F3C76324FA53A9006ED277 /* Debug */ = {
			isa = XCBuildConfiguration;
			buildSettings = {
				ASSETCATALOG_COMPILER_APPICON_NAME = AppIcon;
				CODE_SIGN_ENTITLEMENTS = MiasmaLauncherApplication/MiasmaLauncherApplication.entitlements;
				CODE_SIGN_IDENTITY = "Apple Development";
				CODE_SIGN_STYLE = Automatic;
				COMBINE_HIDPI_IMAGES = YES;
				DEVELOPMENT_ASSET_PATHS = "";
				DEVELOPMENT_TEAM = VDLCQ62KZH;
				ENABLE_HARDENED_RUNTIME = YES;
				ENABLE_PREVIEWS = YES;
				INFOPLIST_FILE = MiasmaLauncherApplication/Info.plist;
				LD_RUNPATH_SEARCH_PATHS = (
					"$(inherited)",
					"@executable_path/../Frameworks",
				);
				PRODUCT_BUNDLE_IDENTIFIER = "Darragh-Rogan.MiasmaLauncherApplication";
				PRODUCT_NAME = "$(TARGET_NAME)";
				SKIP_INSTALL = YES;
				SWIFT_VERSION = 5.0;
			};
			name = Debug;
		};
		02F3C76424FA53A9006ED277 /* Release */ = {
			isa = XCBuildConfiguration;
			buildSettings = {
				ASSETCATALOG_COMPILER_APPICON_NAME = AppIcon;
				CODE_SIGN_ENTITLEMENTS = MiasmaLauncherApplication/MiasmaLauncherApplication.entitlements;
				CODE_SIGN_IDENTITY = "Apple Development";
				CODE_SIGN_STYLE = Automatic;
				COMBINE_HIDPI_IMAGES = YES;
				DEVELOPMENT_ASSET_PATHS = "";
				DEVELOPMENT_TEAM = VDLCQ62KZH;
				ENABLE_HARDENED_RUNTIME = YES;
				ENABLE_PREVIEWS = YES;
				INFOPLIST_FILE = MiasmaLauncherApplication/Info.plist;
				LD_RUNPATH_SEARCH_PATHS = (
					"$(inherited)",
					"@executable_path/../Frameworks",
				);
				PRODUCT_BUNDLE_IDENTIFIER = "Darragh-Rogan.MiasmaLauncherApplication";
				PRODUCT_NAME = "$(TARGET_NAME)";
				SKIP_INSTALL = YES;
				SWIFT_VERSION = 5.0;
			};
			name = Release;
		};
/* End XCBuildConfiguration section */

/* Begin XCConfigurationList section */
		0283DD8024F051B700E4CC07 /* Build configuration list for PBXProject "Miasma" */ = {
			isa = XCConfigurationList;
			buildConfigurations = (
				0283DD9324F051BF00E4CC07 /* Debug */,
				0283DD9424F051BF00E4CC07 /* Release */,
			);
			defaultConfigurationIsVisible = 0;
			defaultConfigurationName = Release;
		};
		0283DD9524F051BF00E4CC07 /* Build configuration list for PBXNativeTarget "Miasma" */ = {
			isa = XCConfigurationList;
			buildConfigurations = (
				0283DD9624F051BF00E4CC07 /* Debug */,
				0283DD9724F051BF00E4CC07 /* Release */,
			);
			defaultConfigurationIsVisible = 0;
			defaultConfigurationName = Release;
		};
		02F3C76524FA53A9006ED277 /* Build configuration list for PBXNativeTarget "MiasmaLauncherApplication" */ = {
			isa = XCConfigurationList;
			buildConfigurations = (
				02F3C76324FA53A9006ED277 /* Debug */,
				02F3C76424FA53A9006ED277 /* Release */,
			);
			defaultConfigurationIsVisible = 0;
			defaultConfigurationName = Release;
		};
/* End XCConfigurationList section */
	};
	rootObject = 0283DD7D24F051B700E4CC07 /* Project object */;
}
